// !$*UTF8*$!
{
	archiveVersion = 1;
	classes = {
	};
	objectVersion = 56;
	objects = {

/* Begin PBXBuildFile section */
		920EE10F2A248F35003EDB4F /* SwiftDown in Frameworks */ = {isa = PBXBuildFile; productRef = 920EE10E2A248F35003EDB4F /* SwiftDown */; };
		921B9E702A0E61FC009FB45B /* SystemConfiguration.framework in Frameworks */ = {isa = PBXBuildFile; fileRef = 921B9E6F2A0E61FC009FB45B /* SystemConfiguration.framework */; };
		921B9E7C2A0E67C1009FB45B /* Functions.swift in Sources */ = {isa = PBXBuildFile; fileRef = 921B9E7B2A0E67C1009FB45B /* Functions.swift */; };
		9228770C2A95EC080099D5AC /* MyScript.swift in Sources */ = {isa = PBXBuildFile; fileRef = 9228770B2A95EC080099D5AC /* MyScript.swift */; };
		924D6F8A2A96DF9D002D314B /* recognition-assets in Resources */ = {isa = PBXBuildFile; fileRef = 924D6F892A96DF9D002D314B /* recognition-assets */; };
		92595DD42A2461F40020A3FE /* ingun.markdown-math.c in Sources */ = {isa = PBXBuildFile; fileRef = 92595DD32A2461F40020A3FE /* ingun.markdown-math.c */; };
		92595DD62A2466490020A3FE /* MathInput.swift in Sources */ = {isa = PBXBuildFile; fileRef = 92595DD52A2466490020A3FE /* MathInput.swift */; };
		92595DD82A2466AC0020A3FE /* InputWebView.swift in Sources */ = {isa = PBXBuildFile; fileRef = 92595DD72A2466AC0020A3FE /* InputWebView.swift */; };
		9268C6562A24593E001A99B5 /* Foundation.framework in Frameworks */ = {isa = PBXBuildFile; fileRef = 9268C6552A24593E001A99B5 /* Foundation.framework */; };
		9268C6582A245944001A99B5 /* Security.framework in Frameworks */ = {isa = PBXBuildFile; fileRef = 9268C6572A245944001A99B5 /* Security.framework */; };
		9268C6CE2A245E1D001A99B5 /* IINKRecognitionAssetsBuilder.h in Headers */ = {isa = PBXBuildFile; fileRef = 9268C69F2A245E1D001A99B5 /* IINKRecognitionAssetsBuilder.h */; };
		9268C6CF2A245E1D001A99B5 /* IINKIContentSelection.h in Headers */ = {isa = PBXBuildFile; fileRef = 9268C6A02A245E1D001A99B5 /* IINKIContentSelection.h */; };
		9268C6D02A245E1D001A99B5 /* IINKContentPart.h in Headers */ = {isa = PBXBuildFile; fileRef = 9268C6A12A245E1D001A99B5 /* IINKContentPart.h */; };
		9268C6D12A245E1D001A99B5 /* IINKConfiguration.h in Headers */ = {isa = PBXBuildFile; fileRef = 9268C6A22A245E1D001A99B5 /* IINKConfiguration.h */; };
		9268C6D22A245E1D001A99B5 /* IINKMimeType.h in Headers */ = {isa = PBXBuildFile; fileRef = 9268C6A32A245E1D001A99B5 /* IINKMimeType.h */; };
		9268C6D32A245E1D001A99B5 /* IINKRenderer.h in Headers */ = {isa = PBXBuildFile; fileRef = 9268C6A42A245E1D001A99B5 /* IINKRenderer.h */; };
		9268C6D42A245E1D001A99B5 /* IINKIRenderTarget.h in Headers */ = {isa = PBXBuildFile; fileRef = 9268C6A52A245E1D001A99B5 /* IINKIRenderTarget.h */; };
		9268C6D52A245E1D001A99B5 /* IINK.h in Headers */ = {isa = PBXBuildFile; fileRef = 9268C6A62A245E1D001A99B5 /* IINK.h */; };
		9268C6D62A245E1D001A99B5 /* IINKContentPackage.h in Headers */ = {isa = PBXBuildFile; fileRef = 9268C6A72A245E1D001A99B5 /* IINKContentPackage.h */; };
		9268C6D72A245E1D001A99B5 /* IINKEditor.h in Headers */ = {isa = PBXBuildFile; fileRef = 9268C6A82A245E1D001A99B5 /* IINKEditor.h */; };
		9268C6D82A245E1D001A99B5 /* IINKRendererDelegate.h in Headers */ = {isa = PBXBuildFile; fileRef = 9268C6A92A245E1D001A99B5 /* IINKRendererDelegate.h */; };
		9268C6D92A245E1D001A99B5 /* IINKIImagePainter.h in Headers */ = {isa = PBXBuildFile; fileRef = 9268C6AA2A245E1D001A99B5 /* IINKIImagePainter.h */; };
		9268C6DA2A245E1D001A99B5 /* IINKEngine.h in Headers */ = {isa = PBXBuildFile; fileRef = 9268C6AB2A245E1D001A99B5 /* IINKEngine.h */; };
		9268C6DB2A245E1D001A99B5 /* IINKContentBlock.h in Headers */ = {isa = PBXBuildFile; fileRef = 9268C6AC2A245E1D001A99B5 /* IINKContentBlock.h */; };
		9268C6DC2A245E1D001A99B5 /* IINKEditorDelegate.h in Headers */ = {isa = PBXBuildFile; fileRef = 9268C6AD2A245E1D001A99B5 /* IINKEditorDelegate.h */; };
		9268C6DD2A245E1D001A99B5 /* IINKContentSelection.h in Headers */ = {isa = PBXBuildFile; fileRef = 9268C6AE2A245E1D001A99B5 /* IINKContentSelection.h */; };
		9268C6DE2A245E1D001A99B5 /* IINKGlyphMetrics.h in Headers */ = {isa = PBXBuildFile; fileRef = 9268C6B02A245E1D001A99B5 /* IINKGlyphMetrics.h */; };
		9268C6DF2A245E1D001A99B5 /* IINKTextSpan.h in Headers */ = {isa = PBXBuildFile; fileRef = 9268C6B12A245E1D001A99B5 /* IINKTextSpan.h */; };
		9268C6E02A245E1D001A99B5 /* IINKText.h in Headers */ = {isa = PBXBuildFile; fileRef = 9268C6B22A245E1D001A99B5 /* IINKText.h */; };
		9268C6E12A245E1D001A99B5 /* IINKIFontMetricsProvider.h in Headers */ = {isa = PBXBuildFile; fileRef = 9268C6B32A245E1D001A99B5 /* IINKIFontMetricsProvider.h */; };
		9268C6E22A245E1D001A99B5 /* IINKToolController.h in Headers */ = {isa = PBXBuildFile; fileRef = 9268C6B42A245E1D001A99B5 /* IINKToolController.h */; };
		9268C6E32A245E1D001A99B5 /* IINKICanvas.h in Headers */ = {isa = PBXBuildFile; fileRef = 9268C6B62A245E1D001A99B5 /* IINKICanvas.h */; };
		9268C6E42A245E1D001A99B5 /* IINKIStrokerFactory.h in Headers */ = {isa = PBXBuildFile; fileRef = 9268C6B72A245E1D001A99B5 /* IINKIStrokerFactory.h */; };
		9268C6E52A245E1D001A99B5 /* IINKIPath.h in Headers */ = {isa = PBXBuildFile; fileRef = 9268C6B82A245E1D001A99B5 /* IINKIPath.h */; };
		9268C6E62A245E1D001A99B5 /* IINKStyle.h in Headers */ = {isa = PBXBuildFile; fileRef = 9268C6B92A245E1D001A99B5 /* IINKStyle.h */; };
		9268C6E72A245E1D001A99B5 /* IINKIStroker.h in Headers */ = {isa = PBXBuildFile; fileRef = 9268C6BA2A245E1D001A99B5 /* IINKIStroker.h */; };
		9268C6E82A245E1D001A99B5 /* IINKParameterSet.h in Headers */ = {isa = PBXBuildFile; fileRef = 9268C6BB2A245E1D001A99B5 /* IINKParameterSet.h */; };
		9268C6E92A245E1E001A99B5 /* IINKError.h in Headers */ = {isa = PBXBuildFile; fileRef = 9268C6BC2A245E1D001A99B5 /* IINKError.h */; };
		9268C6EA2A245E1E001A99B5 /* IINKConfigurationDelegate.h in Headers */ = {isa = PBXBuildFile; fileRef = 9268C6BD2A245E1D001A99B5 /* IINKConfigurationDelegate.h */; };
		9268C6EF2A245E1E001A99B5 /* IINK.swift in Sources */ = {isa = PBXBuildFile; fileRef = 9268C6C42A245E1D001A99B5 /* IINK.swift */; };
		9268C6F32A245E1E001A99B5 /* LICENSE.txt in Resources */ = {isa = PBXBuildFile; fileRef = 9268C6C82A245E1D001A99B5 /* LICENSE.txt */; };
		9268C6F82A245E70001A99B5 /* MyCertificate.h in Headers */ = {isa = PBXBuildFile; fileRef = 9268C6F62A245E70001A99B5 /* MyCertificate.h */; };
		9268C6F92A245FAF001A99B5 /* libiink.xcframework in Frameworks */ = {isa = PBXBuildFile; fileRef = 9268C6C22A245E1D001A99B5 /* libiink.xcframework */; };
		9268C6FA2A245FAF001A99B5 /* libMyScript2D.xcframework in Frameworks */ = {isa = PBXBuildFile; fileRef = 9268C6C52A245E1D001A99B5 /* libMyScript2D.xcframework */; };
		9268C6FB2A245FAF001A99B5 /* libMyScriptAnalyzer.xcframework in Frameworks */ = {isa = PBXBuildFile; fileRef = 9268C6982A245E1D001A99B5 /* libMyScriptAnalyzer.xcframework */; };
		9268C6FC2A245FAF001A99B5 /* libMyScriptDocument.xcframework in Frameworks */ = {isa = PBXBuildFile; fileRef = 9268C6C72A245E1D001A99B5 /* libMyScriptDocument.xcframework */; };
		9268C6FD2A245FAF001A99B5 /* libMyScriptEngine.xcframework in Frameworks */ = {isa = PBXBuildFile; fileRef = 9268C69C2A245E1D001A99B5 /* libMyScriptEngine.xcframework */; };
		9268C6FE2A245FAF001A99B5 /* libMyScriptGesture.xcframework in Frameworks */ = {isa = PBXBuildFile; fileRef = 9268C6992A245E1D001A99B5 /* libMyScriptGesture.xcframework */; };
		9268C6FF2A245FAF001A99B5 /* libMyScriptInk.xcframework in Frameworks */ = {isa = PBXBuildFile; fileRef = 9268C69B2A245E1D001A99B5 /* libMyScriptInk.xcframework */; };
		9268C7002A245FAF001A99B5 /* libMyScriptMath.xcframework in Frameworks */ = {isa = PBXBuildFile; fileRef = 9268C69A2A245E1D001A99B5 /* libMyScriptMath.xcframework */; };
		9268C7012A245FAF001A99B5 /* libMyScriptPrediction.xcframework in Frameworks */ = {isa = PBXBuildFile; fileRef = 9268C6C62A245E1D001A99B5 /* libMyScriptPrediction.xcframework */; };
		9268C7022A245FAF001A99B5 /* libMyScriptShape.xcframework in Frameworks */ = {isa = PBXBuildFile; fileRef = 9268C6BE2A245E1D001A99B5 /* libMyScriptShape.xcframework */; };
		9268C7032A245FAF001A99B5 /* libMyScriptText.xcframework in Frameworks */ = {isa = PBXBuildFile; fileRef = 9268C6C12A245E1D001A99B5 /* libMyScriptText.xcframework */; };
		9268CEA42A21D446005484FF /* Data.swift in Sources */ = {isa = PBXBuildFile; fileRef = 9268CEA32A21D446005484FF /* Data.swift */; };
		9268CEA62A21D481005484FF /* WebView.swift in Sources */ = {isa = PBXBuildFile; fileRef = 9268CEA52A21D481005484FF /* WebView.swift */; };
		9268CEA92A21D89F005484FF /* Ink in Frameworks */ = {isa = PBXBuildFile; productRef = 9268CEA82A21D89F005484FF /* Ink */; };
		9268CEAB2A21ED05005484FF /* Delimeter.swift in Sources */ = {isa = PBXBuildFile; fileRef = 9268CEAA2A21ED05005484FF /* Delimeter.swift */; };
		927527242A95C98D00D3BCFC /* LaunchScreen.storyboard in Resources */ = {isa = PBXBuildFile; fileRef = 927526E32A95C98D00D3BCFC /* LaunchScreen.storyboard */; };
		927527252A95C98D00D3BCFC /* PartTypesViewModel.swift in Sources */ = {isa = PBXBuildFile; fileRef = 927526E52A95C98D00D3BCFC /* PartTypesViewModel.swift */; };
		927527262A95C98D00D3BCFC /* PartTypesModel.swift in Sources */ = {isa = PBXBuildFile; fileRef = 927526E62A95C98D00D3BCFC /* PartTypesModel.swift */; };
		927527272A95C98D00D3BCFC /* PartTypesTableViewController.swift in Sources */ = {isa = PBXBuildFile; fileRef = 927526E72A95C98D00D3BCFC /* PartTypesTableViewController.swift */; };
		927527282A95C98D00D3BCFC /* ToolbarViewController.swift in Sources */ = {isa = PBXBuildFile; fileRef = 927526E92A95C98D00D3BCFC /* ToolbarViewController.swift */; };
		927527292A95C98D00D3BCFC /* ToolbarViewModel.swift in Sources */ = {isa = PBXBuildFile; fileRef = 927526EA2A95C98D00D3BCFC /* ToolbarViewModel.swift */; };
		9275272A2A95C98D00D3BCFC /* ToolStyleViewController.swift in Sources */ = {isa = PBXBuildFile; fileRef = 927526EB2A95C98D00D3BCFC /* ToolStyleViewController.swift */; };
		9275272B2A95C98D00D3BCFC /* Toolbar.storyboard in Resources */ = {isa = PBXBuildFile; fileRef = 927526EC2A95C98D00D3BCFC /* Toolbar.storyboard */; };
		9275272C2A95C98D00D3BCFC /* ToolbarModel.swift in Sources */ = {isa = PBXBuildFile; fileRef = 927526ED2A95C98D00D3BCFC /* ToolbarModel.swift */; };
		9275272D2A95C98D00D3BCFC /* ToolStyleViewModel.swift in Sources */ = {isa = PBXBuildFile; fileRef = 927526EE2A95C98D00D3BCFC /* ToolStyleViewModel.swift */; };
		9275272E2A95C98D00D3BCFC /* AlertBuilder.swift in Sources */ = {isa = PBXBuildFile; fileRef = 927526F02A95C98D00D3BCFC /* AlertBuilder.swift */; };
		9275272F2A95C98D00D3BCFC /* AlertModel.swift in Sources */ = {isa = PBXBuildFile; fileRef = 927526F12A95C98D00D3BCFC /* AlertModel.swift */; };
		927527302A95C98D00D3BCFC /* Main.storyboard in Resources */ = {isa = PBXBuildFile; fileRef = 927526F22A95C98D00D3BCFC /* Main.storyboard */; };
		927527312A95C98D00D3BCFC /* MainCoordinator.swift in Sources */ = {isa = PBXBuildFile; fileRef = 927526F32A95C98D00D3BCFC /* MainCoordinator.swift */; };
		927527322A95C98D00D3BCFC /* FilesModel.swift in Sources */ = {isa = PBXBuildFile; fileRef = 927526F52A95C98D00D3BCFC /* FilesModel.swift */; };
		927527332A95C98D00D3BCFC /* FilesTableViewController.swift in Sources */ = {isa = PBXBuildFile; fileRef = 927526F62A95C98D00D3BCFC /* FilesTableViewController.swift */; };
		927527342A95C98D00D3BCFC /* FilesViewModel.swift in Sources */ = {isa = PBXBuildFile; fileRef = 927526F72A95C98D00D3BCFC /* FilesViewModel.swift */; };
		927527352A95C98D00D3BCFC /* ExportTableViewController.swift in Sources */ = {isa = PBXBuildFile; fileRef = 927526F92A95C98D00D3BCFC /* ExportTableViewController.swift */; };
		927527362A95C98D00D3BCFC /* ExportModel.swift in Sources */ = {isa = PBXBuildFile; fileRef = 927526FA2A95C98D00D3BCFC /* ExportModel.swift */; };
		927527372A95C98D00D3BCFC /* ExportViewModel.swift in Sources */ = {isa = PBXBuildFile; fileRef = 927526FB2A95C98D00D3BCFC /* ExportViewModel.swift */; };
		927527382A95C98D00D3BCFC /* MainViewController.swift in Sources */ = {isa = PBXBuildFile; fileRef = 927526FD2A95C98D00D3BCFC /* MainViewController.swift */; };
		927527392A95C98D00D3BCFC /* MainViewModel.swift in Sources */ = {isa = PBXBuildFile; fileRef = 927526FE2A95C98D00D3BCFC /* MainViewModel.swift */; };
		9275273A2A95C98D00D3BCFC /* FilesProvider.swift in Sources */ = {isa = PBXBuildFile; fileRef = 927527002A95C98D00D3BCFC /* FilesProvider.swift */; };
		9275273B2A95C98D00D3BCFC /* EngineProvider.swift in Sources */ = {isa = PBXBuildFile; fileRef = 927527012A95C98D00D3BCFC /* EngineProvider.swift */; };
		9275273C2A95C98D00D3BCFC /* EditorWorker.swift in Sources */ = {isa = PBXBuildFile; fileRef = 927527022A95C98D00D3BCFC /* EditorWorker.swift */; };
		9275273D2A95C98D00D3BCFC /* ToolingWorker.swift in Sources */ = {isa = PBXBuildFile; fileRef = 927527032A95C98D00D3BCFC /* ToolingWorker.swift */; };
		9275273E2A95C98D00D3BCFC /* UIColor+additions.swift in Sources */ = {isa = PBXBuildFile; fileRef = 927527052A95C98D00D3BCFC /* UIColor+additions.swift */; };
		9275273F2A95C98D00D3BCFC /* StoryboardNames.swift in Sources */ = {isa = PBXBuildFile; fileRef = 927527062A95C98D00D3BCFC /* StoryboardNames.swift */; };
		927527402A95C98D00D3BCFC /* Storyboarded.swift in Sources */ = {isa = PBXBuildFile; fileRef = 927527072A95C98D00D3BCFC /* Storyboarded.swift */; };
		927527412A95C98D00D3BCFC /* AlertModelHelper.swift in Sources */ = {isa = PBXBuildFile; fileRef = 927527082A95C98D00D3BCFC /* AlertModelHelper.swift */; };
		9275274E2A95C98D00D3BCFC /* theme.css in Resources */ = {isa = PBXBuildFile; fileRef = 9275271D2A95C98D00D3BCFC /* theme.css */; };
		9275274F2A95C98D00D3BCFC /* Assets.xcassets in Resources */ = {isa = PBXBuildFile; fileRef = 9275271E2A95C98D00D3BCFC /* Assets.xcassets */; };
		927527762A95C9BE00D3BCFC /* OffscreenRenderSurfaces.swift in Sources */ = {isa = PBXBuildFile; fileRef = 927527572A95C9BE00D3BCFC /* OffscreenRenderSurfaces.swift */; };
		927527772A95C9BE00D3BCFC /* Canvas.swift in Sources */ = {isa = PBXBuildFile; fileRef = 927527582A95C9BE00D3BCFC /* Canvas.swift */; };
		927527782A95C9BE00D3BCFC /* RenderView.swift in Sources */ = {isa = PBXBuildFile; fileRef = 927527592A95C9BE00D3BCFC /* RenderView.swift */; };
		927527792A95C9BE00D3BCFC /* InputView.swift in Sources */ = {isa = PBXBuildFile; fileRef = 9275275A2A95C9BE00D3BCFC /* InputView.swift */; };
		9275277A2A95C9BE00D3BCFC /* ContextualActionsHelper.swift in Sources */ = {isa = PBXBuildFile; fileRef = 9275275C2A95C9BE00D3BCFC /* ContextualActionsHelper.swift */; };
		9275277B2A95C9BE00D3BCFC /* UIFont+Helper.swift in Sources */ = {isa = PBXBuildFile; fileRef = 9275275D2A95C9BE00D3BCFC /* UIFont+Helper.swift */; };
		9275277C2A95C9BE00D3BCFC /* ImageLoader.swift in Sources */ = {isa = PBXBuildFile; fileRef = 9275275E2A95C9BE00D3BCFC /* ImageLoader.swift */; };
		9275277D2A95C9BE00D3BCFC /* IInkUIRefImplUtils.swift in Sources */ = {isa = PBXBuildFile; fileRef = 9275275F2A95C9BE00D3BCFC /* IInkUIRefImplUtils.swift */; };
		9275277E2A95C9BE00D3BCFC /* NSFileManager+Additions.swift in Sources */ = {isa = PBXBuildFile; fileRef = 927527602A95C9BE00D3BCFC /* NSFileManager+Additions.swift */; };
		9275277F2A95C9BE00D3BCFC /* Path.swift in Sources */ = {isa = PBXBuildFile; fileRef = 927527612A95C9BE00D3BCFC /* Path.swift */; };
		927527802A95C9BE00D3BCFC /* NSAttributedString+Helper.swift in Sources */ = {isa = PBXBuildFile; fileRef = 927527622A95C9BE00D3BCFC /* NSAttributedString+Helper.swift */; };
		927527812A95C9BE00D3BCFC /* Helper.swift in Sources */ = {isa = PBXBuildFile; fileRef = 927527632A95C9BE00D3BCFC /* Helper.swift */; };
		927527822A95C9BE00D3BCFC /* CTRun+Metrics.swift in Sources */ = {isa = PBXBuildFile; fileRef = 927527642A95C9BE00D3BCFC /* CTRun+Metrics.swift */; };
		927527832A95C9BE00D3BCFC /* TextFormatHelper.swift in Sources */ = {isa = PBXBuildFile; fileRef = 927527652A95C9BE00D3BCFC /* TextFormatHelper.swift */; };
		927527842A95C9BE00D3BCFC /* ImagePainter.swift in Sources */ = {isa = PBXBuildFile; fileRef = 927527662A95C9BE00D3BCFC /* ImagePainter.swift */; };
		927527852A95C9BE00D3BCFC /* SynchronizedSwift.swift in Sources */ = {isa = PBXBuildFile; fileRef = 927527672A95C9BE00D3BCFC /* SynchronizedSwift.swift */; };
		927527862A95C9BE00D3BCFC /* FontMetricsProvider.swift in Sources */ = {isa = PBXBuildFile; fileRef = 927527682A95C9BE00D3BCFC /* FontMetricsProvider.swift */; };
		927527872A95C9BE00D3BCFC /* SmartGuideViewController.h in Headers */ = {isa = PBXBuildFile; fileRef = 9275276A2A95C9BE00D3BCFC /* SmartGuideViewController.h */; };
		927527882A95C9BE00D3BCFC /* SmartGuideViewController.mm in Sources */ = {isa = PBXBuildFile; fileRef = 9275276B2A95C9BE00D3BCFC /* SmartGuideViewController.mm */; };
		927527892A95C9BE00D3BCFC /* IInkUIReferenceImplementation.h in Headers */ = {isa = PBXBuildFile; fileRef = 9275276C2A95C9BE00D3BCFC /* IInkUIReferenceImplementation.h */; };
		9275278A2A95C9BE00D3BCFC /* DisplayViewController.swift in Sources */ = {isa = PBXBuildFile; fileRef = 9275276E2A95C9BE00D3BCFC /* DisplayViewController.swift */; };
		9275278B2A95C9BE00D3BCFC /* DisplayModel.swift in Sources */ = {isa = PBXBuildFile; fileRef = 9275276F2A95C9BE00D3BCFC /* DisplayModel.swift */; };
		9275278C2A95C9BE00D3BCFC /* DisplayViewModel.swift in Sources */ = {isa = PBXBuildFile; fileRef = 927527702A95C9BE00D3BCFC /* DisplayViewModel.swift */; };
		9275278E2A95C9BE00D3BCFC /* EditorModel.swift in Sources */ = {isa = PBXBuildFile; fileRef = 927527732A95C9BE00D3BCFC /* EditorModel.swift */; };
		9275278F2A95C9BE00D3BCFC /* EditorViewModel.swift in Sources */ = {isa = PBXBuildFile; fileRef = 927527742A95C9BE00D3BCFC /* EditorViewModel.swift */; };
		927527902A95C9BE00D3BCFC /* EditorViewController.swift in Sources */ = {isa = PBXBuildFile; fileRef = 927527752A95C9BE00D3BCFC /* EditorViewController.swift */; };
		9279440A2A3EF389004C1314 /* Handwriting.swift in Sources */ = {isa = PBXBuildFile; fileRef = 927944092A3EF389004C1314 /* Handwriting.swift */; };
		9279440C2A3EF3D5004C1314 /* PencilKit.framework in Frameworks */ = {isa = PBXBuildFile; fileRef = 9279440B2A3EF3D5004C1314 /* PencilKit.framework */; };
		9283E6432A0E44F600EB66EC /* markdown_mathApp.swift in Sources */ = {isa = PBXBuildFile; fileRef = 9283E6422A0E44F600EB66EC /* markdown_mathApp.swift */; };
		9283E6452A0E44F600EB66EC /* ContentView.swift in Sources */ = {isa = PBXBuildFile; fileRef = 9283E6442A0E44F600EB66EC /* ContentView.swift */; };
		9283E6472A0E44F700EB66EC /* Assets.xcassets in Resources */ = {isa = PBXBuildFile; fileRef = 9283E6462A0E44F700EB66EC /* Assets.xcassets */; };
		9283E64B2A0E44F700EB66EC /* Preview Assets.xcassets in Resources */ = {isa = PBXBuildFile; fileRef = 9283E64A2A0E44F700EB66EC /* Preview Assets.xcassets */; };
		9283E6552A0E44F800EB66EC /* markdown_mathTests.swift in Sources */ = {isa = PBXBuildFile; fileRef = 9283E6542A0E44F800EB66EC /* markdown_mathTests.swift */; };
		9283E65F2A0E44F800EB66EC /* markdown_mathUITests.swift in Sources */ = {isa = PBXBuildFile; fileRef = 9283E65E2A0E44F800EB66EC /* markdown_mathUITests.swift */; };
		9283E6612A0E44F800EB66EC /* markdown_mathUITestsLaunchTests.swift in Sources */ = {isa = PBXBuildFile; fileRef = 9283E6602A0E44F800EB66EC /* markdown_mathUITestsLaunchTests.swift */; };
		9285971B2A2377C400F672B3 /* Launch Screen.storyboard in Resources */ = {isa = PBXBuildFile; fileRef = 9285971A2A2377C400F672B3 /* Launch Screen.storyboard */; };
		9285971D2A23785900F672B3 /* Storyboard.storyboard in Resources */ = {isa = PBXBuildFile; fileRef = 9285971C2A23785900F672B3 /* Storyboard.storyboard */; };
		9285971F2A23788800F672B3 /* SwiftUIView.swift in Sources */ = {isa = PBXBuildFile; fileRef = 9285971E2A23788800F672B3 /* SwiftUIView.swift */; };
		92ABFEFD2A9719F3007F1689 /* MyScriptDelegate.swift in Sources */ = {isa = PBXBuildFile; fileRef = 92ABFEFC2A9719F3007F1689 /* MyScriptDelegate.swift */; };
/* End PBXBuildFile section */

/* Begin PBXContainerItemProxy section */
		9283E6512A0E44F700EB66EC /* PBXContainerItemProxy */ = {
			isa = PBXContainerItemProxy;
			containerPortal = 9283E6372A0E44F500EB66EC /* Project object */;
			proxyType = 1;
			remoteGlobalIDString = 9283E63E2A0E44F500EB66EC;
			remoteInfo = "markdown-math";
		};
		9283E65B2A0E44F800EB66EC /* PBXContainerItemProxy */ = {
			isa = PBXContainerItemProxy;
			containerPortal = 9283E6372A0E44F500EB66EC /* Project object */;
			proxyType = 1;
			remoteGlobalIDString = 9283E63E2A0E44F500EB66EC;
			remoteInfo = "markdown-math";
		};
/* End PBXContainerItemProxy section */

/* Begin PBXFileReference section */
		921B9E432A0E4FB7009FB45B /* README.md */ = {isa = PBXFileReference; lastKnownFileType = net.daringfireball.markdown; path = README.md; sourceTree = "<group>"; };
		921B9E462A0E52C1009FB45B /* markdown-math-Bridging-Header.h */ = {isa = PBXFileReference; lastKnownFileType = sourcecode.c.h; path = "markdown-math-Bridging-Header.h"; sourceTree = "<group>"; };
		921B9E6F2A0E61FC009FB45B /* SystemConfiguration.framework */ = {isa = PBXFileReference; lastKnownFileType = wrapper.framework; name = SystemConfiguration.framework; path = Platforms/iPhoneOS.platform/Developer/SDKs/iPhoneOS16.4.sdk/System/Library/Frameworks/SystemConfiguration.framework; sourceTree = DEVELOPER_DIR; };
		921B9E7B2A0E67C1009FB45B /* Functions.swift */ = {isa = PBXFileReference; lastKnownFileType = sourcecode.swift; path = Functions.swift; sourceTree = "<group>"; };
		9228770B2A95EC080099D5AC /* MyScript.swift */ = {isa = PBXFileReference; lastKnownFileType = sourcecode.swift; path = MyScript.swift; sourceTree = "<group>"; };
		924D6F892A96DF9D002D314B /* recognition-assets */ = {isa = PBXFileReference; lastKnownFileType = folder; name = "recognition-assets"; path = "markdown-math/Resources/recognition-assets"; sourceTree = "<group>"; };
		92595DD32A2461F40020A3FE /* ingun.markdown-math.c */ = {isa = PBXFileReference; fileEncoding = 4; lastKnownFileType = sourcecode.c.c; path = "ingun.markdown-math.c"; sourceTree = "<group>"; };
		92595DD52A2466490020A3FE /* MathInput.swift */ = {isa = PBXFileReference; lastKnownFileType = sourcecode.swift; path = MathInput.swift; sourceTree = "<group>"; };
		92595DD72A2466AC0020A3FE /* InputWebView.swift */ = {isa = PBXFileReference; lastKnownFileType = sourcecode.swift; path = InputWebView.swift; sourceTree = "<group>"; };
		9268C6552A24593E001A99B5 /* Foundation.framework */ = {isa = PBXFileReference; lastKnownFileType = wrapper.framework; name = Foundation.framework; path = Platforms/iPhoneOS.platform/Developer/SDKs/iPhoneOS16.4.sdk/System/Library/Frameworks/Foundation.framework; sourceTree = DEVELOPER_DIR; };
		9268C6572A245944001A99B5 /* Security.framework */ = {isa = PBXFileReference; lastKnownFileType = wrapper.framework; name = Security.framework; path = Platforms/iPhoneOS.platform/Developer/SDKs/iPhoneOS16.4.sdk/System/Library/Frameworks/Security.framework; sourceTree = DEVELOPER_DIR; };
		9268C6982A245E1D001A99B5 /* libMyScriptAnalyzer.xcframework */ = {isa = PBXFileReference; lastKnownFileType = wrapper.xcframework; path = libMyScriptAnalyzer.xcframework; sourceTree = "<group>"; };
		9268C6992A245E1D001A99B5 /* libMyScriptGesture.xcframework */ = {isa = PBXFileReference; lastKnownFileType = wrapper.xcframework; path = libMyScriptGesture.xcframework; sourceTree = "<group>"; };
		9268C69A2A245E1D001A99B5 /* libMyScriptMath.xcframework */ = {isa = PBXFileReference; lastKnownFileType = wrapper.xcframework; path = libMyScriptMath.xcframework; sourceTree = "<group>"; };
		9268C69B2A245E1D001A99B5 /* libMyScriptInk.xcframework */ = {isa = PBXFileReference; lastKnownFileType = wrapper.xcframework; path = libMyScriptInk.xcframework; sourceTree = "<group>"; };
		9268C69C2A245E1D001A99B5 /* libMyScriptEngine.xcframework */ = {isa = PBXFileReference; lastKnownFileType = wrapper.xcframework; path = libMyScriptEngine.xcframework; sourceTree = "<group>"; };
		9268C69F2A245E1D001A99B5 /* IINKRecognitionAssetsBuilder.h */ = {isa = PBXFileReference; fileEncoding = 4; lastKnownFileType = sourcecode.c.h; path = IINKRecognitionAssetsBuilder.h; sourceTree = "<group>"; };
		9268C6A02A245E1D001A99B5 /* IINKIContentSelection.h */ = {isa = PBXFileReference; fileEncoding = 4; lastKnownFileType = sourcecode.c.h; path = IINKIContentSelection.h; sourceTree = "<group>"; };
		9268C6A12A245E1D001A99B5 /* IINKContentPart.h */ = {isa = PBXFileReference; fileEncoding = 4; lastKnownFileType = sourcecode.c.h; path = IINKContentPart.h; sourceTree = "<group>"; };
		9268C6A22A245E1D001A99B5 /* IINKConfiguration.h */ = {isa = PBXFileReference; fileEncoding = 4; lastKnownFileType = sourcecode.c.h; path = IINKConfiguration.h; sourceTree = "<group>"; };
		9268C6A32A245E1D001A99B5 /* IINKMimeType.h */ = {isa = PBXFileReference; fileEncoding = 4; lastKnownFileType = sourcecode.c.h; path = IINKMimeType.h; sourceTree = "<group>"; };
		9268C6A42A245E1D001A99B5 /* IINKRenderer.h */ = {isa = PBXFileReference; fileEncoding = 4; lastKnownFileType = sourcecode.c.h; path = IINKRenderer.h; sourceTree = "<group>"; };
		9268C6A52A245E1D001A99B5 /* IINKIRenderTarget.h */ = {isa = PBXFileReference; fileEncoding = 4; lastKnownFileType = sourcecode.c.h; path = IINKIRenderTarget.h; sourceTree = "<group>"; };
		9268C6A62A245E1D001A99B5 /* IINK.h */ = {isa = PBXFileReference; fileEncoding = 4; lastKnownFileType = sourcecode.c.h; path = IINK.h; sourceTree = "<group>"; };
		9268C6A72A245E1D001A99B5 /* IINKContentPackage.h */ = {isa = PBXFileReference; fileEncoding = 4; lastKnownFileType = sourcecode.c.h; path = IINKContentPackage.h; sourceTree = "<group>"; };
		9268C6A82A245E1D001A99B5 /* IINKEditor.h */ = {isa = PBXFileReference; fileEncoding = 4; lastKnownFileType = sourcecode.c.h; path = IINKEditor.h; sourceTree = "<group>"; };
		9268C6A92A245E1D001A99B5 /* IINKRendererDelegate.h */ = {isa = PBXFileReference; fileEncoding = 4; lastKnownFileType = sourcecode.c.h; path = IINKRendererDelegate.h; sourceTree = "<group>"; };
		9268C6AA2A245E1D001A99B5 /* IINKIImagePainter.h */ = {isa = PBXFileReference; fileEncoding = 4; lastKnownFileType = sourcecode.c.h; path = IINKIImagePainter.h; sourceTree = "<group>"; };
		9268C6AB2A245E1D001A99B5 /* IINKEngine.h */ = {isa = PBXFileReference; fileEncoding = 4; lastKnownFileType = sourcecode.c.h; path = IINKEngine.h; sourceTree = "<group>"; };
		9268C6AC2A245E1D001A99B5 /* IINKContentBlock.h */ = {isa = PBXFileReference; fileEncoding = 4; lastKnownFileType = sourcecode.c.h; path = IINKContentBlock.h; sourceTree = "<group>"; };
		9268C6AD2A245E1D001A99B5 /* IINKEditorDelegate.h */ = {isa = PBXFileReference; fileEncoding = 4; lastKnownFileType = sourcecode.c.h; path = IINKEditorDelegate.h; sourceTree = "<group>"; };
		9268C6AE2A245E1D001A99B5 /* IINKContentSelection.h */ = {isa = PBXFileReference; fileEncoding = 4; lastKnownFileType = sourcecode.c.h; path = IINKContentSelection.h; sourceTree = "<group>"; };
		9268C6B02A245E1D001A99B5 /* IINKGlyphMetrics.h */ = {isa = PBXFileReference; fileEncoding = 4; lastKnownFileType = sourcecode.c.h; path = IINKGlyphMetrics.h; sourceTree = "<group>"; };
		9268C6B12A245E1D001A99B5 /* IINKTextSpan.h */ = {isa = PBXFileReference; fileEncoding = 4; lastKnownFileType = sourcecode.c.h; path = IINKTextSpan.h; sourceTree = "<group>"; };
		9268C6B22A245E1D001A99B5 /* IINKText.h */ = {isa = PBXFileReference; fileEncoding = 4; lastKnownFileType = sourcecode.c.h; path = IINKText.h; sourceTree = "<group>"; };
		9268C6B32A245E1D001A99B5 /* IINKIFontMetricsProvider.h */ = {isa = PBXFileReference; fileEncoding = 4; lastKnownFileType = sourcecode.c.h; path = IINKIFontMetricsProvider.h; sourceTree = "<group>"; };
		9268C6B42A245E1D001A99B5 /* IINKToolController.h */ = {isa = PBXFileReference; fileEncoding = 4; lastKnownFileType = sourcecode.c.h; path = IINKToolController.h; sourceTree = "<group>"; };
		9268C6B62A245E1D001A99B5 /* IINKICanvas.h */ = {isa = PBXFileReference; fileEncoding = 4; lastKnownFileType = sourcecode.c.h; path = IINKICanvas.h; sourceTree = "<group>"; };
		9268C6B72A245E1D001A99B5 /* IINKIStrokerFactory.h */ = {isa = PBXFileReference; fileEncoding = 4; lastKnownFileType = sourcecode.c.h; path = IINKIStrokerFactory.h; sourceTree = "<group>"; };
		9268C6B82A245E1D001A99B5 /* IINKIPath.h */ = {isa = PBXFileReference; fileEncoding = 4; lastKnownFileType = sourcecode.c.h; path = IINKIPath.h; sourceTree = "<group>"; };
		9268C6B92A245E1D001A99B5 /* IINKStyle.h */ = {isa = PBXFileReference; fileEncoding = 4; lastKnownFileType = sourcecode.c.h; path = IINKStyle.h; sourceTree = "<group>"; };
		9268C6BA2A245E1D001A99B5 /* IINKIStroker.h */ = {isa = PBXFileReference; fileEncoding = 4; lastKnownFileType = sourcecode.c.h; path = IINKIStroker.h; sourceTree = "<group>"; };
		9268C6BB2A245E1D001A99B5 /* IINKParameterSet.h */ = {isa = PBXFileReference; fileEncoding = 4; lastKnownFileType = sourcecode.c.h; path = IINKParameterSet.h; sourceTree = "<group>"; };
		9268C6BC2A245E1D001A99B5 /* IINKError.h */ = {isa = PBXFileReference; fileEncoding = 4; lastKnownFileType = sourcecode.c.h; path = IINKError.h; sourceTree = "<group>"; };
		9268C6BD2A245E1D001A99B5 /* IINKConfigurationDelegate.h */ = {isa = PBXFileReference; fileEncoding = 4; lastKnownFileType = sourcecode.c.h; path = IINKConfigurationDelegate.h; sourceTree = "<group>"; };
		9268C6BE2A245E1D001A99B5 /* libMyScriptShape.xcframework */ = {isa = PBXFileReference; lastKnownFileType = wrapper.xcframework; path = libMyScriptShape.xcframework; sourceTree = "<group>"; };
		9268C6C02A245E1D001A99B5 /* MyScriptInteractiveInk-Runtime-iOS.version.txt */ = {isa = PBXFileReference; fileEncoding = 4; lastKnownFileType = text; path = "MyScriptInteractiveInk-Runtime-iOS.version.txt"; sourceTree = "<group>"; };
		9268C6C12A245E1D001A99B5 /* libMyScriptText.xcframework */ = {isa = PBXFileReference; lastKnownFileType = wrapper.xcframework; path = libMyScriptText.xcframework; sourceTree = "<group>"; };
		9268C6C22A245E1D001A99B5 /* libiink.xcframework */ = {isa = PBXFileReference; lastKnownFileType = wrapper.xcframework; path = libiink.xcframework; sourceTree = "<group>"; };
		9268C6C42A245E1D001A99B5 /* IINK.swift */ = {isa = PBXFileReference; fileEncoding = 4; lastKnownFileType = sourcecode.swift; path = IINK.swift; sourceTree = "<group>"; };
		9268C6C52A245E1D001A99B5 /* libMyScript2D.xcframework */ = {isa = PBXFileReference; lastKnownFileType = wrapper.xcframework; path = libMyScript2D.xcframework; sourceTree = "<group>"; };
		9268C6C62A245E1D001A99B5 /* libMyScriptPrediction.xcframework */ = {isa = PBXFileReference; lastKnownFileType = wrapper.xcframework; path = libMyScriptPrediction.xcframework; sourceTree = "<group>"; };
		9268C6C72A245E1D001A99B5 /* libMyScriptDocument.xcframework */ = {isa = PBXFileReference; lastKnownFileType = wrapper.xcframework; path = libMyScriptDocument.xcframework; sourceTree = "<group>"; };
		9268C6C82A245E1D001A99B5 /* LICENSE.txt */ = {isa = PBXFileReference; fileEncoding = 4; lastKnownFileType = text; path = LICENSE.txt; sourceTree = "<group>"; };
		9268C6F62A245E70001A99B5 /* MyCertificate.h */ = {isa = PBXFileReference; fileEncoding = 4; lastKnownFileType = sourcecode.c.h; path = MyCertificate.h; sourceTree = "<group>"; };
		9268CEA32A21D446005484FF /* Data.swift */ = {isa = PBXFileReference; lastKnownFileType = sourcecode.swift; path = Data.swift; sourceTree = "<group>"; };
		9268CEA52A21D481005484FF /* WebView.swift */ = {isa = PBXFileReference; lastKnownFileType = sourcecode.swift; path = WebView.swift; sourceTree = "<group>"; };
		9268CEAA2A21ED05005484FF /* Delimeter.swift */ = {isa = PBXFileReference; lastKnownFileType = sourcecode.swift; path = Delimeter.swift; sourceTree = "<group>"; };
		927526E32A95C98D00D3BCFC /* LaunchScreen.storyboard */ = {isa = PBXFileReference; fileEncoding = 4; lastKnownFileType = file.storyboard; path = LaunchScreen.storyboard; sourceTree = "<group>"; };
		927526E52A95C98D00D3BCFC /* PartTypesViewModel.swift */ = {isa = PBXFileReference; fileEncoding = 4; lastKnownFileType = sourcecode.swift; path = PartTypesViewModel.swift; sourceTree = "<group>"; };
		927526E62A95C98D00D3BCFC /* PartTypesModel.swift */ = {isa = PBXFileReference; fileEncoding = 4; lastKnownFileType = sourcecode.swift; path = PartTypesModel.swift; sourceTree = "<group>"; };
		927526E72A95C98D00D3BCFC /* PartTypesTableViewController.swift */ = {isa = PBXFileReference; fileEncoding = 4; lastKnownFileType = sourcecode.swift; path = PartTypesTableViewController.swift; sourceTree = "<group>"; };
		927526E92A95C98D00D3BCFC /* ToolbarViewController.swift */ = {isa = PBXFileReference; fileEncoding = 4; lastKnownFileType = sourcecode.swift; path = ToolbarViewController.swift; sourceTree = "<group>"; };
		927526EA2A95C98D00D3BCFC /* ToolbarViewModel.swift */ = {isa = PBXFileReference; fileEncoding = 4; lastKnownFileType = sourcecode.swift; path = ToolbarViewModel.swift; sourceTree = "<group>"; };
		927526EB2A95C98D00D3BCFC /* ToolStyleViewController.swift */ = {isa = PBXFileReference; fileEncoding = 4; lastKnownFileType = sourcecode.swift; path = ToolStyleViewController.swift; sourceTree = "<group>"; };
		927526EC2A95C98D00D3BCFC /* Toolbar.storyboard */ = {isa = PBXFileReference; fileEncoding = 4; lastKnownFileType = file.storyboard; path = Toolbar.storyboard; sourceTree = "<group>"; };
		927526ED2A95C98D00D3BCFC /* ToolbarModel.swift */ = {isa = PBXFileReference; fileEncoding = 4; lastKnownFileType = sourcecode.swift; path = ToolbarModel.swift; sourceTree = "<group>"; };
		927526EE2A95C98D00D3BCFC /* ToolStyleViewModel.swift */ = {isa = PBXFileReference; fileEncoding = 4; lastKnownFileType = sourcecode.swift; path = ToolStyleViewModel.swift; sourceTree = "<group>"; };
		927526F02A95C98D00D3BCFC /* AlertBuilder.swift */ = {isa = PBXFileReference; fileEncoding = 4; lastKnownFileType = sourcecode.swift; path = AlertBuilder.swift; sourceTree = "<group>"; };
		927526F12A95C98D00D3BCFC /* AlertModel.swift */ = {isa = PBXFileReference; fileEncoding = 4; lastKnownFileType = sourcecode.swift; path = AlertModel.swift; sourceTree = "<group>"; };
		927526F22A95C98D00D3BCFC /* Main.storyboard */ = {isa = PBXFileReference; fileEncoding = 4; lastKnownFileType = file.storyboard; path = Main.storyboard; sourceTree = "<group>"; };
		927526F32A95C98D00D3BCFC /* MainCoordinator.swift */ = {isa = PBXFileReference; fileEncoding = 4; lastKnownFileType = sourcecode.swift; path = MainCoordinator.swift; sourceTree = "<group>"; };
		927526F52A95C98D00D3BCFC /* FilesModel.swift */ = {isa = PBXFileReference; fileEncoding = 4; lastKnownFileType = sourcecode.swift; path = FilesModel.swift; sourceTree = "<group>"; };
		927526F62A95C98D00D3BCFC /* FilesTableViewController.swift */ = {isa = PBXFileReference; fileEncoding = 4; lastKnownFileType = sourcecode.swift; path = FilesTableViewController.swift; sourceTree = "<group>"; };
		927526F72A95C98D00D3BCFC /* FilesViewModel.swift */ = {isa = PBXFileReference; fileEncoding = 4; lastKnownFileType = sourcecode.swift; path = FilesViewModel.swift; sourceTree = "<group>"; };
		927526F92A95C98D00D3BCFC /* ExportTableViewController.swift */ = {isa = PBXFileReference; fileEncoding = 4; lastKnownFileType = sourcecode.swift; path = ExportTableViewController.swift; sourceTree = "<group>"; };
		927526FA2A95C98D00D3BCFC /* ExportModel.swift */ = {isa = PBXFileReference; fileEncoding = 4; lastKnownFileType = sourcecode.swift; path = ExportModel.swift; sourceTree = "<group>"; };
		927526FB2A95C98D00D3BCFC /* ExportViewModel.swift */ = {isa = PBXFileReference; fileEncoding = 4; lastKnownFileType = sourcecode.swift; path = ExportViewModel.swift; sourceTree = "<group>"; };
		927526FD2A95C98D00D3BCFC /* MainViewController.swift */ = {isa = PBXFileReference; fileEncoding = 4; lastKnownFileType = sourcecode.swift; path = MainViewController.swift; sourceTree = "<group>"; };
		927526FE2A95C98D00D3BCFC /* MainViewModel.swift */ = {isa = PBXFileReference; fileEncoding = 4; lastKnownFileType = sourcecode.swift; path = MainViewModel.swift; sourceTree = "<group>"; };
		927527002A95C98D00D3BCFC /* FilesProvider.swift */ = {isa = PBXFileReference; fileEncoding = 4; lastKnownFileType = sourcecode.swift; path = FilesProvider.swift; sourceTree = "<group>"; };
		927527012A95C98D00D3BCFC /* EngineProvider.swift */ = {isa = PBXFileReference; fileEncoding = 4; lastKnownFileType = sourcecode.swift; path = EngineProvider.swift; sourceTree = "<group>"; };
		927527022A95C98D00D3BCFC /* EditorWorker.swift */ = {isa = PBXFileReference; fileEncoding = 4; lastKnownFileType = sourcecode.swift; path = EditorWorker.swift; sourceTree = "<group>"; };
		927527032A95C98D00D3BCFC /* ToolingWorker.swift */ = {isa = PBXFileReference; fileEncoding = 4; lastKnownFileType = sourcecode.swift; path = ToolingWorker.swift; sourceTree = "<group>"; };
		927527052A95C98D00D3BCFC /* UIColor+additions.swift */ = {isa = PBXFileReference; fileEncoding = 4; lastKnownFileType = sourcecode.swift; path = "UIColor+additions.swift"; sourceTree = "<group>"; };
		927527062A95C98D00D3BCFC /* StoryboardNames.swift */ = {isa = PBXFileReference; fileEncoding = 4; lastKnownFileType = sourcecode.swift; path = StoryboardNames.swift; sourceTree = "<group>"; };
		927527072A95C98D00D3BCFC /* Storyboarded.swift */ = {isa = PBXFileReference; fileEncoding = 4; lastKnownFileType = sourcecode.swift; path = Storyboarded.swift; sourceTree = "<group>"; };
		927527082A95C98D00D3BCFC /* AlertModelHelper.swift */ = {isa = PBXFileReference; fileEncoding = 4; lastKnownFileType = sourcecode.swift; path = AlertModelHelper.swift; sourceTree = "<group>"; };
		9275270E2A95C98D00D3BCFC /* shk-diagram.res */ = {isa = PBXFileReference; lastKnownFileType = file; path = "shk-diagram.res"; sourceTree = "<group>"; };
		927527102A95C98D00D3BCFC /* en_US-lk-text.res */ = {isa = PBXFileReference; lastKnownFileType = file; path = "en_US-lk-text.res"; sourceTree = "<group>"; };
		927527112A95C98D00D3BCFC /* en_US-ak-cur.res */ = {isa = PBXFileReference; lastKnownFileType = file; path = "en_US-ak-cur.res"; sourceTree = "<group>"; };
		927527132A95C98D00D3BCFC /* math-ak.res */ = {isa = PBXFileReference; lastKnownFileType = file; path = "math-ak.res"; sourceTree = "<group>"; };
		927527142A95C98D00D3BCFC /* math-grm-standard.res */ = {isa = PBXFileReference; lastKnownFileType = file; path = "math-grm-standard.res"; sourceTree = "<group>"; };
		927527162A95C98D00D3BCFC /* ank-raw-content.res */ = {isa = PBXFileReference; lastKnownFileType = file; path = "ank-raw-content.res"; sourceTree = "<group>"; };
		927527172A95C98D00D3BCFC /* ank-diagram.res */ = {isa = PBXFileReference; lastKnownFileType = file; path = "ank-diagram.res"; sourceTree = "<group>"; };
		927527192A95C98D00D3BCFC /* diagram.conf */ = {isa = PBXFileReference; fileEncoding = 4; lastKnownFileType = text; path = diagram.conf; sourceTree = "<group>"; };
		9275271A2A95C98D00D3BCFC /* math.conf */ = {isa = PBXFileReference; fileEncoding = 4; lastKnownFileType = text; path = math.conf; sourceTree = "<group>"; };
		9275271B2A95C98D00D3BCFC /* raw-content.conf */ = {isa = PBXFileReference; fileEncoding = 4; lastKnownFileType = text; path = "raw-content.conf"; sourceTree = "<group>"; };
		9275271C2A95C98D00D3BCFC /* en_US.conf */ = {isa = PBXFileReference; fileEncoding = 4; lastKnownFileType = text; path = en_US.conf; sourceTree = "<group>"; };
		9275271D2A95C98D00D3BCFC /* theme.css */ = {isa = PBXFileReference; fileEncoding = 4; lastKnownFileType = text.css; path = theme.css; sourceTree = "<group>"; };
		9275271E2A95C98D00D3BCFC /* Assets.xcassets */ = {isa = PBXFileReference; lastKnownFileType = folder.assetcatalog; path = Assets.xcassets; sourceTree = "<group>"; };
		927527202A95C98D00D3BCFC /* myscript-iink-recognition-diagram.version.txt */ = {isa = PBXFileReference; fileEncoding = 4; lastKnownFileType = text; path = "myscript-iink-recognition-diagram.version.txt"; sourceTree = "<group>"; };
		927527212A95C98D00D3BCFC /* myscript-iink-recognition-raw-content.version.txt */ = {isa = PBXFileReference; fileEncoding = 4; lastKnownFileType = text; path = "myscript-iink-recognition-raw-content.version.txt"; sourceTree = "<group>"; };
		927527222A95C98D00D3BCFC /* myscript-iink-recognition-text-en_US.version.txt */ = {isa = PBXFileReference; fileEncoding = 4; lastKnownFileType = text; path = "myscript-iink-recognition-text-en_US.version.txt"; sourceTree = "<group>"; };
		927527232A95C98D00D3BCFC /* myscript-iink-recognition-math.version.txt */ = {isa = PBXFileReference; fileEncoding = 4; lastKnownFileType = text; path = "myscript-iink-recognition-math.version.txt"; sourceTree = "<group>"; };
		927527572A95C9BE00D3BCFC /* OffscreenRenderSurfaces.swift */ = {isa = PBXFileReference; fileEncoding = 4; lastKnownFileType = sourcecode.swift; path = OffscreenRenderSurfaces.swift; sourceTree = "<group>"; };
		927527582A95C9BE00D3BCFC /* Canvas.swift */ = {isa = PBXFileReference; fileEncoding = 4; lastKnownFileType = sourcecode.swift; path = Canvas.swift; sourceTree = "<group>"; };
		927527592A95C9BE00D3BCFC /* RenderView.swift */ = {isa = PBXFileReference; fileEncoding = 4; lastKnownFileType = sourcecode.swift; path = RenderView.swift; sourceTree = "<group>"; };
		9275275A2A95C9BE00D3BCFC /* InputView.swift */ = {isa = PBXFileReference; fileEncoding = 4; lastKnownFileType = sourcecode.swift; path = InputView.swift; sourceTree = "<group>"; };
		9275275C2A95C9BE00D3BCFC /* ContextualActionsHelper.swift */ = {isa = PBXFileReference; fileEncoding = 4; lastKnownFileType = sourcecode.swift; path = ContextualActionsHelper.swift; sourceTree = "<group>"; };
		9275275D2A95C9BE00D3BCFC /* UIFont+Helper.swift */ = {isa = PBXFileReference; fileEncoding = 4; lastKnownFileType = sourcecode.swift; path = "UIFont+Helper.swift"; sourceTree = "<group>"; };
		9275275E2A95C9BE00D3BCFC /* ImageLoader.swift */ = {isa = PBXFileReference; fileEncoding = 4; lastKnownFileType = sourcecode.swift; path = ImageLoader.swift; sourceTree = "<group>"; };
		9275275F2A95C9BE00D3BCFC /* IInkUIRefImplUtils.swift */ = {isa = PBXFileReference; fileEncoding = 4; lastKnownFileType = sourcecode.swift; path = IInkUIRefImplUtils.swift; sourceTree = "<group>"; };
		927527602A95C9BE00D3BCFC /* NSFileManager+Additions.swift */ = {isa = PBXFileReference; fileEncoding = 4; lastKnownFileType = sourcecode.swift; path = "NSFileManager+Additions.swift"; sourceTree = "<group>"; };
		927527612A95C9BE00D3BCFC /* Path.swift */ = {isa = PBXFileReference; fileEncoding = 4; lastKnownFileType = sourcecode.swift; path = Path.swift; sourceTree = "<group>"; };
		927527622A95C9BE00D3BCFC /* NSAttributedString+Helper.swift */ = {isa = PBXFileReference; fileEncoding = 4; lastKnownFileType = sourcecode.swift; path = "NSAttributedString+Helper.swift"; sourceTree = "<group>"; };
		927527632A95C9BE00D3BCFC /* Helper.swift */ = {isa = PBXFileReference; fileEncoding = 4; lastKnownFileType = sourcecode.swift; path = Helper.swift; sourceTree = "<group>"; };
		927527642A95C9BE00D3BCFC /* CTRun+Metrics.swift */ = {isa = PBXFileReference; fileEncoding = 4; lastKnownFileType = sourcecode.swift; path = "CTRun+Metrics.swift"; sourceTree = "<group>"; };
		927527652A95C9BE00D3BCFC /* TextFormatHelper.swift */ = {isa = PBXFileReference; fileEncoding = 4; lastKnownFileType = sourcecode.swift; path = TextFormatHelper.swift; sourceTree = "<group>"; };
		927527662A95C9BE00D3BCFC /* ImagePainter.swift */ = {isa = PBXFileReference; fileEncoding = 4; lastKnownFileType = sourcecode.swift; path = ImagePainter.swift; sourceTree = "<group>"; };
		927527672A95C9BE00D3BCFC /* SynchronizedSwift.swift */ = {isa = PBXFileReference; fileEncoding = 4; lastKnownFileType = sourcecode.swift; path = SynchronizedSwift.swift; sourceTree = "<group>"; };
		927527682A95C9BE00D3BCFC /* FontMetricsProvider.swift */ = {isa = PBXFileReference; fileEncoding = 4; lastKnownFileType = sourcecode.swift; path = FontMetricsProvider.swift; sourceTree = "<group>"; };
		9275276A2A95C9BE00D3BCFC /* SmartGuideViewController.h */ = {isa = PBXFileReference; fileEncoding = 4; lastKnownFileType = sourcecode.c.h; path = SmartGuideViewController.h; sourceTree = "<group>"; };
		9275276B2A95C9BE00D3BCFC /* SmartGuideViewController.mm */ = {isa = PBXFileReference; fileEncoding = 4; lastKnownFileType = sourcecode.cpp.objcpp; path = SmartGuideViewController.mm; sourceTree = "<group>"; };
		9275276C2A95C9BE00D3BCFC /* IInkUIReferenceImplementation.h */ = {isa = PBXFileReference; fileEncoding = 4; lastKnownFileType = sourcecode.c.h; path = IInkUIReferenceImplementation.h; sourceTree = "<group>"; };
		9275276E2A95C9BE00D3BCFC /* DisplayViewController.swift */ = {isa = PBXFileReference; fileEncoding = 4; lastKnownFileType = sourcecode.swift; path = DisplayViewController.swift; sourceTree = "<group>"; };
		9275276F2A95C9BE00D3BCFC /* DisplayModel.swift */ = {isa = PBXFileReference; fileEncoding = 4; lastKnownFileType = sourcecode.swift; path = DisplayModel.swift; sourceTree = "<group>"; };
		927527702A95C9BE00D3BCFC /* DisplayViewModel.swift */ = {isa = PBXFileReference; fileEncoding = 4; lastKnownFileType = sourcecode.swift; path = DisplayViewModel.swift; sourceTree = "<group>"; };
		927527732A95C9BE00D3BCFC /* EditorModel.swift */ = {isa = PBXFileReference; fileEncoding = 4; lastKnownFileType = sourcecode.swift; path = EditorModel.swift; sourceTree = "<group>"; };
		927527742A95C9BE00D3BCFC /* EditorViewModel.swift */ = {isa = PBXFileReference; fileEncoding = 4; lastKnownFileType = sourcecode.swift; path = EditorViewModel.swift; sourceTree = "<group>"; };
		927527752A95C9BE00D3BCFC /* EditorViewController.swift */ = {isa = PBXFileReference; fileEncoding = 4; lastKnownFileType = sourcecode.swift; path = EditorViewController.swift; sourceTree = "<group>"; };
		927944092A3EF389004C1314 /* Handwriting.swift */ = {isa = PBXFileReference; lastKnownFileType = sourcecode.swift; path = Handwriting.swift; sourceTree = "<group>"; };
		9279440B2A3EF3D5004C1314 /* PencilKit.framework */ = {isa = PBXFileReference; lastKnownFileType = wrapper.framework; name = PencilKit.framework; path = Platforms/iPhoneOS.platform/Developer/SDKs/iPhoneOS16.4.sdk/System/Library/Frameworks/PencilKit.framework; sourceTree = DEVELOPER_DIR; };
		9283E63F2A0E44F500EB66EC /* markdown-math.app */ = {isa = PBXFileReference; explicitFileType = wrapper.application; includeInIndex = 0; path = "markdown-math.app"; sourceTree = BUILT_PRODUCTS_DIR; };
		9283E6422A0E44F600EB66EC /* markdown_mathApp.swift */ = {isa = PBXFileReference; lastKnownFileType = sourcecode.swift; path = markdown_mathApp.swift; sourceTree = "<group>"; };
		9283E6442A0E44F600EB66EC /* ContentView.swift */ = {isa = PBXFileReference; lastKnownFileType = sourcecode.swift; path = ContentView.swift; sourceTree = "<group>"; };
		9283E6462A0E44F700EB66EC /* Assets.xcassets */ = {isa = PBXFileReference; lastKnownFileType = folder.assetcatalog; path = Assets.xcassets; sourceTree = "<group>"; };
		9283E6482A0E44F700EB66EC /* markdown_math.entitlements */ = {isa = PBXFileReference; lastKnownFileType = text.plist.entitlements; path = markdown_math.entitlements; sourceTree = "<group>"; };
		9283E64A2A0E44F700EB66EC /* Preview Assets.xcassets */ = {isa = PBXFileReference; lastKnownFileType = folder.assetcatalog; path = "Preview Assets.xcassets"; sourceTree = "<group>"; };
		9283E6502A0E44F700EB66EC /* markdown-mathTests.xctest */ = {isa = PBXFileReference; explicitFileType = wrapper.cfbundle; includeInIndex = 0; path = "markdown-mathTests.xctest"; sourceTree = BUILT_PRODUCTS_DIR; };
		9283E6542A0E44F800EB66EC /* markdown_mathTests.swift */ = {isa = PBXFileReference; lastKnownFileType = sourcecode.swift; path = markdown_mathTests.swift; sourceTree = "<group>"; };
		9283E65A2A0E44F800EB66EC /* markdown-mathUITests.xctest */ = {isa = PBXFileReference; explicitFileType = wrapper.cfbundle; includeInIndex = 0; path = "markdown-mathUITests.xctest"; sourceTree = BUILT_PRODUCTS_DIR; };
		9283E65E2A0E44F800EB66EC /* markdown_mathUITests.swift */ = {isa = PBXFileReference; lastKnownFileType = sourcecode.swift; path = markdown_mathUITests.swift; sourceTree = "<group>"; };
		9283E6602A0E44F800EB66EC /* markdown_mathUITestsLaunchTests.swift */ = {isa = PBXFileReference; lastKnownFileType = sourcecode.swift; path = markdown_mathUITestsLaunchTests.swift; sourceTree = "<group>"; };
		9285971A2A2377C400F672B3 /* Launch Screen.storyboard */ = {isa = PBXFileReference; lastKnownFileType = file.storyboard; path = "Launch Screen.storyboard"; sourceTree = "<group>"; };
		9285971C2A23785900F672B3 /* Storyboard.storyboard */ = {isa = PBXFileReference; lastKnownFileType = file.storyboard; path = Storyboard.storyboard; sourceTree = "<group>"; };
		9285971E2A23788800F672B3 /* SwiftUIView.swift */ = {isa = PBXFileReference; lastKnownFileType = sourcecode.swift; path = SwiftUIView.swift; sourceTree = "<group>"; };
		92ABFEFC2A9719F3007F1689 /* MyScriptDelegate.swift */ = {isa = PBXFileReference; lastKnownFileType = sourcecode.swift; path = MyScriptDelegate.swift; sourceTree = "<group>"; };
/* End PBXFileReference section */

/* Begin PBXFrameworksBuildPhase section */
		9283E63C2A0E44F500EB66EC /* Frameworks */ = {
			isa = PBXFrameworksBuildPhase;
			buildActionMask = 2147483647;
			files = (
				9279440C2A3EF3D5004C1314 /* PencilKit.framework in Frameworks */,
				9268C6F92A245FAF001A99B5 /* libiink.xcframework in Frameworks */,
				9268C6FA2A245FAF001A99B5 /* libMyScript2D.xcframework in Frameworks */,
				9268C6FB2A245FAF001A99B5 /* libMyScriptAnalyzer.xcframework in Frameworks */,
				9268C6FC2A245FAF001A99B5 /* libMyScriptDocument.xcframework in Frameworks */,
				9268C6FD2A245FAF001A99B5 /* libMyScriptEngine.xcframework in Frameworks */,
				9268C6FE2A245FAF001A99B5 /* libMyScriptGesture.xcframework in Frameworks */,
				9268C6FF2A245FAF001A99B5 /* libMyScriptInk.xcframework in Frameworks */,
				9268C7002A245FAF001A99B5 /* libMyScriptMath.xcframework in Frameworks */,
				9268C7012A245FAF001A99B5 /* libMyScriptPrediction.xcframework in Frameworks */,
				9268C7022A245FAF001A99B5 /* libMyScriptShape.xcframework in Frameworks */,
				9268C7032A245FAF001A99B5 /* libMyScriptText.xcframework in Frameworks */,
				9268C6582A245944001A99B5 /* Security.framework in Frameworks */,
				9268C6562A24593E001A99B5 /* Foundation.framework in Frameworks */,
				921B9E702A0E61FC009FB45B /* SystemConfiguration.framework in Frameworks */,
				920EE10F2A248F35003EDB4F /* SwiftDown in Frameworks */,
				9268CEA92A21D89F005484FF /* Ink in Frameworks */,
			);
			runOnlyForDeploymentPostprocessing = 0;
		};
		9283E64D2A0E44F700EB66EC /* Frameworks */ = {
			isa = PBXFrameworksBuildPhase;
			buildActionMask = 2147483647;
			files = (
			);
			runOnlyForDeploymentPostprocessing = 0;
		};
		9283E6572A0E44F800EB66EC /* Frameworks */ = {
			isa = PBXFrameworksBuildPhase;
			buildActionMask = 2147483647;
			files = (
			);
			runOnlyForDeploymentPostprocessing = 0;
		};
/* End PBXFrameworksBuildPhase section */

/* Begin PBXGroup section */
		921B9E582A0E6155009FB45B /* Frameworks */ = {
			isa = PBXGroup;
			children = (
				9279440B2A3EF3D5004C1314 /* PencilKit.framework */,
				9268C6572A245944001A99B5 /* Security.framework */,
				9268C6552A24593E001A99B5 /* Foundation.framework */,
				921B9E6F2A0E61FC009FB45B /* SystemConfiguration.framework */,
			);
			name = Frameworks;
			sourceTree = "<group>";
		};
		9268C6972A245E1D001A99B5 /* MyScriptInteractiveInk-Runtime-iOS-2 */ = {
			isa = PBXGroup;
			children = (
				9268C6982A245E1D001A99B5 /* libMyScriptAnalyzer.xcframework */,
				9268C6992A245E1D001A99B5 /* libMyScriptGesture.xcframework */,
				9268C69A2A245E1D001A99B5 /* libMyScriptMath.xcframework */,
				9268C69B2A245E1D001A99B5 /* libMyScriptInk.xcframework */,
				9268C69C2A245E1D001A99B5 /* libMyScriptEngine.xcframework */,
				9268C69D2A245E1D001A99B5 /* include */,
				9268C6BE2A245E1D001A99B5 /* libMyScriptShape.xcframework */,
				9268C6BF2A245E1D001A99B5 /* INFO */,
				9268C6C12A245E1D001A99B5 /* libMyScriptText.xcframework */,
				9268C6C22A245E1D001A99B5 /* libiink.xcframework */,
				9268C6C32A245E1D001A99B5 /* swift */,
				9268C6C52A245E1D001A99B5 /* libMyScript2D.xcframework */,
				9268C6C62A245E1D001A99B5 /* libMyScriptPrediction.xcframework */,
				9268C6C72A245E1D001A99B5 /* libMyScriptDocument.xcframework */,
				9268C6C82A245E1D001A99B5 /* LICENSE.txt */,
			);
			path = "MyScriptInteractiveInk-Runtime-iOS-2";
			sourceTree = SOURCE_ROOT;
		};
		9268C69D2A245E1D001A99B5 /* include */ = {
			isa = PBXGroup;
			children = (
				9268C69E2A245E1D001A99B5 /* iink */,
			);
			path = include;
			sourceTree = "<group>";
		};
		9268C69E2A245E1D001A99B5 /* iink */ = {
			isa = PBXGroup;
			children = (
				9268C69F2A245E1D001A99B5 /* IINKRecognitionAssetsBuilder.h */,
				9268C6A02A245E1D001A99B5 /* IINKIContentSelection.h */,
				9268C6A12A245E1D001A99B5 /* IINKContentPart.h */,
				9268C6A22A245E1D001A99B5 /* IINKConfiguration.h */,
				9268C6A32A245E1D001A99B5 /* IINKMimeType.h */,
				9268C6A42A245E1D001A99B5 /* IINKRenderer.h */,
				9268C6A52A245E1D001A99B5 /* IINKIRenderTarget.h */,
				9268C6A62A245E1D001A99B5 /* IINK.h */,
				9268C6A72A245E1D001A99B5 /* IINKContentPackage.h */,
				9268C6A82A245E1D001A99B5 /* IINKEditor.h */,
				9268C6A92A245E1D001A99B5 /* IINKRendererDelegate.h */,
				9268C6AA2A245E1D001A99B5 /* IINKIImagePainter.h */,
				9268C6AB2A245E1D001A99B5 /* IINKEngine.h */,
				9268C6AC2A245E1D001A99B5 /* IINKContentBlock.h */,
				9268C6AD2A245E1D001A99B5 /* IINKEditorDelegate.h */,
				9268C6AE2A245E1D001A99B5 /* IINKContentSelection.h */,
				9268C6AF2A245E1D001A99B5 /* text */,
				9268C6B42A245E1D001A99B5 /* IINKToolController.h */,
				9268C6B52A245E1D001A99B5 /* graphics */,
				9268C6BB2A245E1D001A99B5 /* IINKParameterSet.h */,
				9268C6BC2A245E1D001A99B5 /* IINKError.h */,
				9268C6BD2A245E1D001A99B5 /* IINKConfigurationDelegate.h */,
			);
			path = iink;
			sourceTree = "<group>";
		};
		9268C6AF2A245E1D001A99B5 /* text */ = {
			isa = PBXGroup;
			children = (
				9268C6B02A245E1D001A99B5 /* IINKGlyphMetrics.h */,
				9268C6B12A245E1D001A99B5 /* IINKTextSpan.h */,
				9268C6B22A245E1D001A99B5 /* IINKText.h */,
				9268C6B32A245E1D001A99B5 /* IINKIFontMetricsProvider.h */,
			);
			path = text;
			sourceTree = "<group>";
		};
		9268C6B52A245E1D001A99B5 /* graphics */ = {
			isa = PBXGroup;
			children = (
				9268C6B62A245E1D001A99B5 /* IINKICanvas.h */,
				9268C6B72A245E1D001A99B5 /* IINKIStrokerFactory.h */,
				9268C6B82A245E1D001A99B5 /* IINKIPath.h */,
				9268C6B92A245E1D001A99B5 /* IINKStyle.h */,
				9268C6BA2A245E1D001A99B5 /* IINKIStroker.h */,
			);
			path = graphics;
			sourceTree = "<group>";
		};
		9268C6BF2A245E1D001A99B5 /* INFO */ = {
			isa = PBXGroup;
			children = (
				9268C6C02A245E1D001A99B5 /* MyScriptInteractiveInk-Runtime-iOS.version.txt */,
			);
			path = INFO;
			sourceTree = "<group>";
		};
		9268C6C32A245E1D001A99B5 /* swift */ = {
			isa = PBXGroup;
			children = (
				9268C6C42A245E1D001A99B5 /* IINK.swift */,
			);
			path = swift;
			sourceTree = "<group>";
		};
		9268C6F42A245E70001A99B5 /* MyCertificate */ = {
			isa = PBXGroup;
			children = (
				92595DD32A2461F40020A3FE /* ingun.markdown-math.c */,
				9268C6F62A245E70001A99B5 /* MyCertificate.h */,
			);
			path = MyCertificate;
			sourceTree = SOURCE_ROOT;
		};
		927526E12A95C98C00D3BCFC /* Classes */ = {
			isa = PBXGroup;
			children = (
				927526E22A95C98C00D3BCFC /* Scenes */,
				927526FF2A95C98D00D3BCFC /* Business */,
				927527042A95C98D00D3BCFC /* Utils */,
			);
			path = Classes;
			sourceTree = "<group>";
		};
		927526E22A95C98C00D3BCFC /* Scenes */ = {
			isa = PBXGroup;
			children = (
				927526E32A95C98D00D3BCFC /* LaunchScreen.storyboard */,
				927526E42A95C98D00D3BCFC /* PartTypes */,
				927526E82A95C98D00D3BCFC /* Toolbar */,
				927526F22A95C98D00D3BCFC /* Main.storyboard */,
				927526F32A95C98D00D3BCFC /* MainCoordinator.swift */,
				927526EF2A95C98D00D3BCFC /* Shared */,
				927526F42A95C98D00D3BCFC /* Files */,
				927526F82A95C98D00D3BCFC /* Export */,
				927526FC2A95C98D00D3BCFC /* Main */,
			);
			path = Scenes;
			sourceTree = "<group>";
		};
		927526E42A95C98D00D3BCFC /* PartTypes */ = {
			isa = PBXGroup;
			children = (
				927526E52A95C98D00D3BCFC /* PartTypesViewModel.swift */,
				927526E62A95C98D00D3BCFC /* PartTypesModel.swift */,
				927526E72A95C98D00D3BCFC /* PartTypesTableViewController.swift */,
			);
			path = PartTypes;
			sourceTree = "<group>";
		};
		927526E82A95C98D00D3BCFC /* Toolbar */ = {
			isa = PBXGroup;
			children = (
				927526E92A95C98D00D3BCFC /* ToolbarViewController.swift */,
				927526EA2A95C98D00D3BCFC /* ToolbarViewModel.swift */,
				927526EB2A95C98D00D3BCFC /* ToolStyleViewController.swift */,
				927526EC2A95C98D00D3BCFC /* Toolbar.storyboard */,
				927526ED2A95C98D00D3BCFC /* ToolbarModel.swift */,
				927526EE2A95C98D00D3BCFC /* ToolStyleViewModel.swift */,
			);
			path = Toolbar;
			sourceTree = "<group>";
		};
		927526EF2A95C98D00D3BCFC /* Shared */ = {
			isa = PBXGroup;
			children = (
				927526F02A95C98D00D3BCFC /* AlertBuilder.swift */,
				927526F12A95C98D00D3BCFC /* AlertModel.swift */,
			);
			path = Shared;
			sourceTree = "<group>";
		};
		927526F42A95C98D00D3BCFC /* Files */ = {
			isa = PBXGroup;
			children = (
				927526F52A95C98D00D3BCFC /* FilesModel.swift */,
				927526F62A95C98D00D3BCFC /* FilesTableViewController.swift */,
				927526F72A95C98D00D3BCFC /* FilesViewModel.swift */,
			);
			path = Files;
			sourceTree = "<group>";
		};
		927526F82A95C98D00D3BCFC /* Export */ = {
			isa = PBXGroup;
			children = (
				927526F92A95C98D00D3BCFC /* ExportTableViewController.swift */,
				927526FA2A95C98D00D3BCFC /* ExportModel.swift */,
				927526FB2A95C98D00D3BCFC /* ExportViewModel.swift */,
			);
			path = Export;
			sourceTree = "<group>";
		};
		927526FC2A95C98D00D3BCFC /* Main */ = {
			isa = PBXGroup;
			children = (
				927526FD2A95C98D00D3BCFC /* MainViewController.swift */,
				927526FE2A95C98D00D3BCFC /* MainViewModel.swift */,
			);
			path = Main;
			sourceTree = "<group>";
		};
		927526FF2A95C98D00D3BCFC /* Business */ = {
			isa = PBXGroup;
			children = (
				927527002A95C98D00D3BCFC /* FilesProvider.swift */,
				927527012A95C98D00D3BCFC /* EngineProvider.swift */,
				927527022A95C98D00D3BCFC /* EditorWorker.swift */,
				927527032A95C98D00D3BCFC /* ToolingWorker.swift */,
			);
			path = Business;
			sourceTree = "<group>";
		};
		927527042A95C98D00D3BCFC /* Utils */ = {
			isa = PBXGroup;
			children = (
				927527052A95C98D00D3BCFC /* UIColor+additions.swift */,
				927527062A95C98D00D3BCFC /* StoryboardNames.swift */,
				927527072A95C98D00D3BCFC /* Storyboarded.swift */,
				927527082A95C98D00D3BCFC /* AlertModelHelper.swift */,
			);
			path = Utils;
			sourceTree = "<group>";
		};
		9275270A2A95C98D00D3BCFC /* Resources */ = {
			isa = PBXGroup;
			children = (
				9275270B2A95C98D00D3BCFC /* recognition-assets */,
				9275271D2A95C98D00D3BCFC /* theme.css */,
				9275271E2A95C98D00D3BCFC /* Assets.xcassets */,
				9275271F2A95C98D00D3BCFC /* INFO */,
			);
			path = Resources;
			sourceTree = "<group>";
		};
		9275270B2A95C98D00D3BCFC /* recognition-assets */ = {
			isa = PBXGroup;
			children = (
				9275270C2A95C98D00D3BCFC /* resources */,
				927527182A95C98D00D3BCFC /* conf */,
			);
			path = "recognition-assets";
			sourceTree = "<group>";
		};
		9275270C2A95C98D00D3BCFC /* resources */ = {
			isa = PBXGroup;
			children = (
				9275270D2A95C98D00D3BCFC /* shape */,
				9275270F2A95C98D00D3BCFC /* en_US */,
				927527122A95C98D00D3BCFC /* math */,
				927527152A95C98D00D3BCFC /* analyzer */,
			);
			path = resources;
			sourceTree = "<group>";
		};
		9275270D2A95C98D00D3BCFC /* shape */ = {
			isa = PBXGroup;
			children = (
				9275270E2A95C98D00D3BCFC /* shk-diagram.res */,
			);
			path = shape;
			sourceTree = "<group>";
		};
		9275270F2A95C98D00D3BCFC /* en_US */ = {
			isa = PBXGroup;
			children = (
				927527102A95C98D00D3BCFC /* en_US-lk-text.res */,
				927527112A95C98D00D3BCFC /* en_US-ak-cur.res */,
			);
			path = en_US;
			sourceTree = "<group>";
		};
		927527122A95C98D00D3BCFC /* math */ = {
			isa = PBXGroup;
			children = (
				927527132A95C98D00D3BCFC /* math-ak.res */,
				927527142A95C98D00D3BCFC /* math-grm-standard.res */,
			);
			path = math;
			sourceTree = "<group>";
		};
		927527152A95C98D00D3BCFC /* analyzer */ = {
			isa = PBXGroup;
			children = (
				927527162A95C98D00D3BCFC /* ank-raw-content.res */,
				927527172A95C98D00D3BCFC /* ank-diagram.res */,
			);
			path = analyzer;
			sourceTree = "<group>";
		};
		927527182A95C98D00D3BCFC /* conf */ = {
			isa = PBXGroup;
			children = (
				927527192A95C98D00D3BCFC /* diagram.conf */,
				9275271A2A95C98D00D3BCFC /* math.conf */,
				9275271B2A95C98D00D3BCFC /* raw-content.conf */,
				9275271C2A95C98D00D3BCFC /* en_US.conf */,
			);
			path = conf;
			sourceTree = "<group>";
		};
		9275271F2A95C98D00D3BCFC /* INFO */ = {
			isa = PBXGroup;
			children = (
				927527202A95C98D00D3BCFC /* myscript-iink-recognition-diagram.version.txt */,
				927527212A95C98D00D3BCFC /* myscript-iink-recognition-raw-content.version.txt */,
				927527222A95C98D00D3BCFC /* myscript-iink-recognition-text-en_US.version.txt */,
				927527232A95C98D00D3BCFC /* myscript-iink-recognition-math.version.txt */,
			);
			path = INFO;
			sourceTree = "<group>";
		};
		927527542A95C9BE00D3BCFC /* Frameworks */ = {
			isa = PBXGroup;
			children = (
				927527552A95C9BE00D3BCFC /* IInkUIReferenceImplementation */,
			);
			path = Frameworks;
			sourceTree = SOURCE_ROOT;
		};
		927527552A95C9BE00D3BCFC /* IInkUIReferenceImplementation */ = {
			isa = PBXGroup;
			children = (
				927527562A95C9BE00D3BCFC /* UIObjects */,
				9275275B2A95C9BE00D3BCFC /* Utils */,
				927527692A95C9BE00D3BCFC /* SmartGuide */,
				9275276C2A95C9BE00D3BCFC /* IInkUIReferenceImplementation.h */,
				9275276D2A95C9BE00D3BCFC /* Display */,
				927527722A95C9BE00D3BCFC /* Editor */,
			);
			path = IInkUIReferenceImplementation;
			sourceTree = "<group>";
		};
		927527562A95C9BE00D3BCFC /* UIObjects */ = {
			isa = PBXGroup;
			children = (
				927527572A95C9BE00D3BCFC /* OffscreenRenderSurfaces.swift */,
				927527582A95C9BE00D3BCFC /* Canvas.swift */,
				927527592A95C9BE00D3BCFC /* RenderView.swift */,
				9275275A2A95C9BE00D3BCFC /* InputView.swift */,
			);
			path = UIObjects;
			sourceTree = "<group>";
		};
		9275275B2A95C9BE00D3BCFC /* Utils */ = {
			isa = PBXGroup;
			children = (
				9275275C2A95C9BE00D3BCFC /* ContextualActionsHelper.swift */,
				9275275D2A95C9BE00D3BCFC /* UIFont+Helper.swift */,
				9275275E2A95C9BE00D3BCFC /* ImageLoader.swift */,
				9275275F2A95C9BE00D3BCFC /* IInkUIRefImplUtils.swift */,
				927527602A95C9BE00D3BCFC /* NSFileManager+Additions.swift */,
				927527612A95C9BE00D3BCFC /* Path.swift */,
				927527622A95C9BE00D3BCFC /* NSAttributedString+Helper.swift */,
				927527632A95C9BE00D3BCFC /* Helper.swift */,
				927527642A95C9BE00D3BCFC /* CTRun+Metrics.swift */,
				927527652A95C9BE00D3BCFC /* TextFormatHelper.swift */,
				927527662A95C9BE00D3BCFC /* ImagePainter.swift */,
				927527672A95C9BE00D3BCFC /* SynchronizedSwift.swift */,
				927527682A95C9BE00D3BCFC /* FontMetricsProvider.swift */,
			);
			path = Utils;
			sourceTree = "<group>";
		};
		927527692A95C9BE00D3BCFC /* SmartGuide */ = {
			isa = PBXGroup;
			children = (
				9275276A2A95C9BE00D3BCFC /* SmartGuideViewController.h */,
				9275276B2A95C9BE00D3BCFC /* SmartGuideViewController.mm */,
			);
			path = SmartGuide;
			sourceTree = "<group>";
		};
		9275276D2A95C9BE00D3BCFC /* Display */ = {
			isa = PBXGroup;
			children = (
				9275276E2A95C9BE00D3BCFC /* DisplayViewController.swift */,
				9275276F2A95C9BE00D3BCFC /* DisplayModel.swift */,
				927527702A95C9BE00D3BCFC /* DisplayViewModel.swift */,
			);
			path = Display;
			sourceTree = "<group>";
		};
		927527722A95C9BE00D3BCFC /* Editor */ = {
			isa = PBXGroup;
			children = (
				927527732A95C9BE00D3BCFC /* EditorModel.swift */,
				927527742A95C9BE00D3BCFC /* EditorViewModel.swift */,
				927527752A95C9BE00D3BCFC /* EditorViewController.swift */,
			);
			path = Editor;
			sourceTree = "<group>";
		};
		9283E6362A0E44F500EB66EC = {
			isa = PBXGroup;
			children = (
				924D6F892A96DF9D002D314B /* recognition-assets */,
				921B9E432A0E4FB7009FB45B /* README.md */,
				9283E6412A0E44F500EB66EC /* markdown-math */,
				9283E6532A0E44F700EB66EC /* markdown-mathTests */,
				9283E65D2A0E44F800EB66EC /* markdown-mathUITests */,
				9283E6402A0E44F500EB66EC /* Products */,
				921B9E582A0E6155009FB45B /* Frameworks */,
			);
			sourceTree = "<group>";
		};
		9283E6402A0E44F500EB66EC /* Products */ = {
			isa = PBXGroup;
			children = (
				9283E63F2A0E44F500EB66EC /* markdown-math.app */,
				9283E6502A0E44F700EB66EC /* markdown-mathTests.xctest */,
				9283E65A2A0E44F800EB66EC /* markdown-mathUITests.xctest */,
			);
			name = Products;
			sourceTree = "<group>";
		};
		9283E6412A0E44F500EB66EC /* markdown-math */ = {
			isa = PBXGroup;
			children = (
				927527542A95C9BE00D3BCFC /* Frameworks */,
				927526E12A95C98C00D3BCFC /* Classes */,
				9275270A2A95C98D00D3BCFC /* Resources */,
				9283E6462A0E44F700EB66EC /* Assets.xcassets */,
				9283E6442A0E44F600EB66EC /* ContentView.swift */,
				921B9E7B2A0E67C1009FB45B /* Functions.swift */,
				9268C6972A245E1D001A99B5 /* MyScriptInteractiveInk-Runtime-iOS-2 */,
				9268CEA52A21D481005484FF /* WebView.swift */,
				9268C6F42A245E70001A99B5 /* MyCertificate */,
				9268CEA32A21D446005484FF /* Data.swift */,
				9268CEAA2A21ED05005484FF /* Delimeter.swift */,
				92595DD72A2466AC0020A3FE /* InputWebView.swift */,
				92595DD52A2466490020A3FE /* MathInput.swift */,
				927944092A3EF389004C1314 /* Handwriting.swift */,
				9283E6482A0E44F700EB66EC /* markdown_math.entitlements */,
				9283E6422A0E44F600EB66EC /* markdown_mathApp.swift */,
				9285971E2A23788800F672B3 /* SwiftUIView.swift */,
				9285971A2A2377C400F672B3 /* Launch Screen.storyboard */,
				9285971C2A23785900F672B3 /* Storyboard.storyboard */,
				921B9E462A0E52C1009FB45B /* markdown-math-Bridging-Header.h */,
				9228770B2A95EC080099D5AC /* MyScript.swift */,
				92ABFEFC2A9719F3007F1689 /* MyScriptDelegate.swift */,
				9283E6492A0E44F700EB66EC /* Preview Content */,
			);
			path = "markdown-math";
			sourceTree = "<group>";
		};
		9283E6492A0E44F700EB66EC /* Preview Content */ = {
			isa = PBXGroup;
			children = (
				9283E64A2A0E44F700EB66EC /* Preview Assets.xcassets */,
			);
			path = "Preview Content";
			sourceTree = "<group>";
		};
		9283E6532A0E44F700EB66EC /* markdown-mathTests */ = {
			isa = PBXGroup;
			children = (
				9283E6542A0E44F800EB66EC /* markdown_mathTests.swift */,
			);
			path = "markdown-mathTests";
			sourceTree = "<group>";
		};
		9283E65D2A0E44F800EB66EC /* markdown-mathUITests */ = {
			isa = PBXGroup;
			children = (
				9283E65E2A0E44F800EB66EC /* markdown_mathUITests.swift */,
				9283E6602A0E44F800EB66EC /* markdown_mathUITestsLaunchTests.swift */,
			);
			path = "markdown-mathUITests";
			sourceTree = "<group>";
		};
/* End PBXGroup section */

/* Begin PBXHeadersBuildPhase section */
		9268C6382A245719001A99B5 /* Headers */ = {
			isa = PBXHeadersBuildPhase;
			buildActionMask = 2147483647;
			files = (
				9268C6E22A245E1D001A99B5 /* IINKToolController.h in Headers */,
				9268C6D22A245E1D001A99B5 /* IINKMimeType.h in Headers */,
				9268C6D62A245E1D001A99B5 /* IINKContentPackage.h in Headers */,
				9268C6EA2A245E1E001A99B5 /* IINKConfigurationDelegate.h in Headers */,
				9268C6D72A245E1D001A99B5 /* IINKEditor.h in Headers */,
				9268C6D92A245E1D001A99B5 /* IINKIImagePainter.h in Headers */,
				9268C6D12A245E1D001A99B5 /* IINKConfiguration.h in Headers */,
				9268C6E72A245E1D001A99B5 /* IINKIStroker.h in Headers */,
				9268C6D32A245E1D001A99B5 /* IINKRenderer.h in Headers */,
				9268C6CF2A245E1D001A99B5 /* IINKIContentSelection.h in Headers */,
				9268C6DA2A245E1D001A99B5 /* IINKEngine.h in Headers */,
				9268C6DF2A245E1D001A99B5 /* IINKTextSpan.h in Headers */,
				9268C6F82A245E70001A99B5 /* MyCertificate.h in Headers */,
				9268C6E52A245E1D001A99B5 /* IINKIPath.h in Headers */,
				927527872A95C9BE00D3BCFC /* SmartGuideViewController.h in Headers */,
				9268C6E62A245E1D001A99B5 /* IINKStyle.h in Headers */,
				9268C6E12A245E1D001A99B5 /* IINKIFontMetricsProvider.h in Headers */,
				9268C6E92A245E1E001A99B5 /* IINKError.h in Headers */,
				9268C6DD2A245E1D001A99B5 /* IINKContentSelection.h in Headers */,
				927527892A95C9BE00D3BCFC /* IInkUIReferenceImplementation.h in Headers */,
				9268C6E02A245E1D001A99B5 /* IINKText.h in Headers */,
				9268C6CE2A245E1D001A99B5 /* IINKRecognitionAssetsBuilder.h in Headers */,
				9268C6E82A245E1D001A99B5 /* IINKParameterSet.h in Headers */,
				9268C6E42A245E1D001A99B5 /* IINKIStrokerFactory.h in Headers */,
				9268C6D42A245E1D001A99B5 /* IINKIRenderTarget.h in Headers */,
				9268C6E32A245E1D001A99B5 /* IINKICanvas.h in Headers */,
				9268C6DC2A245E1D001A99B5 /* IINKEditorDelegate.h in Headers */,
				9268C6D82A245E1D001A99B5 /* IINKRendererDelegate.h in Headers */,
				9268C6D02A245E1D001A99B5 /* IINKContentPart.h in Headers */,
				9268C6D52A245E1D001A99B5 /* IINK.h in Headers */,
				9268C6DB2A245E1D001A99B5 /* IINKContentBlock.h in Headers */,
				9268C6DE2A245E1D001A99B5 /* IINKGlyphMetrics.h in Headers */,
			);
			runOnlyForDeploymentPostprocessing = 0;
		};
/* End PBXHeadersBuildPhase section */

/* Begin PBXNativeTarget section */
		9283E63E2A0E44F500EB66EC /* markdown-math */ = {
			isa = PBXNativeTarget;
			buildConfigurationList = 9283E6642A0E44F800EB66EC /* Build configuration list for PBXNativeTarget "markdown-math" */;
			buildPhases = (
				9268C6382A245719001A99B5 /* Headers */,
				9283E63B2A0E44F500EB66EC /* Sources */,
				9283E63C2A0E44F500EB66EC /* Frameworks */,
				9283E63D2A0E44F500EB66EC /* Resources */,
			);
			buildRules = (
			);
			dependencies = (
			);
			name = "markdown-math";
			packageProductDependencies = (
				9268CEA82A21D89F005484FF /* Ink */,
				920EE10E2A248F35003EDB4F /* SwiftDown */,
			);
			productName = "markdown-math";
			productReference = 9283E63F2A0E44F500EB66EC /* markdown-math.app */;
			productType = "com.apple.product-type.application";
		};
		9283E64F2A0E44F700EB66EC /* markdown-mathTests */ = {
			isa = PBXNativeTarget;
			buildConfigurationList = 9283E6672A0E44F800EB66EC /* Build configuration list for PBXNativeTarget "markdown-mathTests" */;
			buildPhases = (
				9283E64C2A0E44F700EB66EC /* Sources */,
				9283E64D2A0E44F700EB66EC /* Frameworks */,
				9283E64E2A0E44F700EB66EC /* Resources */,
			);
			buildRules = (
			);
			dependencies = (
				9283E6522A0E44F700EB66EC /* PBXTargetDependency */,
			);
			name = "markdown-mathTests";
			productName = "markdown-mathTests";
			productReference = 9283E6502A0E44F700EB66EC /* markdown-mathTests.xctest */;
			productType = "com.apple.product-type.bundle.unit-test";
		};
		9283E6592A0E44F800EB66EC /* markdown-mathUITests */ = {
			isa = PBXNativeTarget;
			buildConfigurationList = 9283E66A2A0E44F800EB66EC /* Build configuration list for PBXNativeTarget "markdown-mathUITests" */;
			buildPhases = (
				9283E6562A0E44F800EB66EC /* Sources */,
				9283E6572A0E44F800EB66EC /* Frameworks */,
				9283E6582A0E44F800EB66EC /* Resources */,
			);
			buildRules = (
			);
			dependencies = (
				9283E65C2A0E44F800EB66EC /* PBXTargetDependency */,
			);
			name = "markdown-mathUITests";
			productName = "markdown-mathUITests";
			productReference = 9283E65A2A0E44F800EB66EC /* markdown-mathUITests.xctest */;
			productType = "com.apple.product-type.bundle.ui-testing";
		};
/* End PBXNativeTarget section */

/* Begin PBXProject section */
		9283E6372A0E44F500EB66EC /* Project object */ = {
			isa = PBXProject;
			attributes = {
				BuildIndependentTargetsInParallel = 1;
				LastSwiftUpdateCheck = 1430;
				LastUpgradeCheck = 1430;
				TargetAttributes = {
					9283E63E2A0E44F500EB66EC = {
						CreatedOnToolsVersion = 14.3;
						LastSwiftMigration = 1430;
					};
					9283E64F2A0E44F700EB66EC = {
						CreatedOnToolsVersion = 14.3;
						TestTargetID = 9283E63E2A0E44F500EB66EC;
					};
					9283E6592A0E44F800EB66EC = {
						CreatedOnToolsVersion = 14.3;
						TestTargetID = 9283E63E2A0E44F500EB66EC;
					};
				};
			};
			buildConfigurationList = 9283E63A2A0E44F500EB66EC /* Build configuration list for PBXProject "markdown-math" */;
			compatibilityVersion = "Xcode 14.0";
			developmentRegion = en;
			hasScannedForEncodings = 0;
			knownRegions = (
				en,
				Base,
			);
			mainGroup = 9283E6362A0E44F500EB66EC;
			packageReferences = (
				9268CEA72A21D89F005484FF /* XCRemoteSwiftPackageReference "ink" */,
				920EE10D2A248F35003EDB4F /* XCRemoteSwiftPackageReference "SwiftDown" */,
			);
			productRefGroup = 9283E6402A0E44F500EB66EC /* Products */;
			projectDirPath = "";
			projectRoot = "";
			targets = (
				9283E63E2A0E44F500EB66EC /* markdown-math */,
				9283E64F2A0E44F700EB66EC /* markdown-mathTests */,
				9283E6592A0E44F800EB66EC /* markdown-mathUITests */,
			);
		};
/* End PBXProject section */

/* Begin PBXResourcesBuildPhase section */
		9283E63D2A0E44F500EB66EC /* Resources */ = {
			isa = PBXResourcesBuildPhase;
			buildActionMask = 2147483647;
			files = (
				924D6F8A2A96DF9D002D314B /* recognition-assets in Resources */,
				9268C6F32A245E1E001A99B5 /* LICENSE.txt in Resources */,
				9275274F2A95C98D00D3BCFC /* Assets.xcassets in Resources */,
				927527302A95C98D00D3BCFC /* Main.storyboard in Resources */,
				9275274E2A95C98D00D3BCFC /* theme.css in Resources */,
				927527242A95C98D00D3BCFC /* LaunchScreen.storyboard in Resources */,
				9283E64B2A0E44F700EB66EC /* Preview Assets.xcassets in Resources */,
				9285971B2A2377C400F672B3 /* Launch Screen.storyboard in Resources */,
				9283E6472A0E44F700EB66EC /* Assets.xcassets in Resources */,
				9275272B2A95C98D00D3BCFC /* Toolbar.storyboard in Resources */,
				9285971D2A23785900F672B3 /* Storyboard.storyboard in Resources */,
			);
			runOnlyForDeploymentPostprocessing = 0;
		};
		9283E64E2A0E44F700EB66EC /* Resources */ = {
			isa = PBXResourcesBuildPhase;
			buildActionMask = 2147483647;
			files = (
			);
			runOnlyForDeploymentPostprocessing = 0;
		};
		9283E6582A0E44F800EB66EC /* Resources */ = {
			isa = PBXResourcesBuildPhase;
			buildActionMask = 2147483647;
			files = (
			);
			runOnlyForDeploymentPostprocessing = 0;
		};
/* End PBXResourcesBuildPhase section */

/* Begin PBXSourcesBuildPhase section */
		9283E63B2A0E44F500EB66EC /* Sources */ = {
			isa = PBXSourcesBuildPhase;
			buildActionMask = 2147483647;
			files = (
				9275277A2A95C9BE00D3BCFC /* ContextualActionsHelper.swift in Sources */,
				9268CEA42A21D446005484FF /* Data.swift in Sources */,
				9228770C2A95EC080099D5AC /* MyScript.swift in Sources */,
				9285971F2A23788800F672B3 /* SwiftUIView.swift in Sources */,
				927527362A95C98D00D3BCFC /* ExportModel.swift in Sources */,
				9275272A2A95C98D00D3BCFC /* ToolStyleViewController.swift in Sources */,
				9275273C2A95C98D00D3BCFC /* EditorWorker.swift in Sources */,
				9275277E2A95C9BE00D3BCFC /* NSFileManager+Additions.swift in Sources */,
				9275273F2A95C98D00D3BCFC /* StoryboardNames.swift in Sources */,
				927527262A95C98D00D3BCFC /* PartTypesModel.swift in Sources */,
				927527852A95C9BE00D3BCFC /* SynchronizedSwift.swift in Sources */,
				927527282A95C98D00D3BCFC /* ToolbarViewController.swift in Sources */,
				927527322A95C98D00D3BCFC /* FilesModel.swift in Sources */,
				9283E6452A0E44F600EB66EC /* ContentView.swift in Sources */,
				92595DD62A2466490020A3FE /* MathInput.swift in Sources */,
				927527342A95C98D00D3BCFC /* FilesViewModel.swift in Sources */,
				9275272F2A95C98D00D3BCFC /* AlertModel.swift in Sources */,
				927527862A95C9BE00D3BCFC /* FontMetricsProvider.swift in Sources */,
				9275278C2A95C9BE00D3BCFC /* DisplayViewModel.swift in Sources */,
				9275273B2A95C98D00D3BCFC /* EngineProvider.swift in Sources */,
				9275277F2A95C9BE00D3BCFC /* Path.swift in Sources */,
				927527382A95C98D00D3BCFC /* MainViewController.swift in Sources */,
				9268C6EF2A245E1E001A99B5 /* IINK.swift in Sources */,
				9275273D2A95C98D00D3BCFC /* ToolingWorker.swift in Sources */,
				927527802A95C9BE00D3BCFC /* NSAttributedString+Helper.swift in Sources */,
				9275278E2A95C9BE00D3BCFC /* EditorModel.swift in Sources */,
				9275278A2A95C9BE00D3BCFC /* DisplayViewController.swift in Sources */,
				927527812A95C9BE00D3BCFC /* Helper.swift in Sources */,
				927527412A95C98D00D3BCFC /* AlertModelHelper.swift in Sources */,
				9275272C2A95C98D00D3BCFC /* ToolbarModel.swift in Sources */,
				927527352A95C98D00D3BCFC /* ExportTableViewController.swift in Sources */,
				9279440A2A3EF389004C1314 /* Handwriting.swift in Sources */,
				9275278F2A95C9BE00D3BCFC /* EditorViewModel.swift in Sources */,
				927527832A95C9BE00D3BCFC /* TextFormatHelper.swift in Sources */,
				9275273E2A95C98D00D3BCFC /* UIColor+additions.swift in Sources */,
				927527772A95C9BE00D3BCFC /* Canvas.swift in Sources */,
				927527272A95C98D00D3BCFC /* PartTypesTableViewController.swift in Sources */,
				927527792A95C9BE00D3BCFC /* InputView.swift in Sources */,
				9275272E2A95C98D00D3BCFC /* AlertBuilder.swift in Sources */,
				92595DD42A2461F40020A3FE /* ingun.markdown-math.c in Sources */,
				9275277B2A95C9BE00D3BCFC /* UIFont+Helper.swift in Sources */,
				927527402A95C98D00D3BCFC /* Storyboarded.swift in Sources */,
				927527782A95C9BE00D3BCFC /* RenderView.swift in Sources */,
				927527842A95C9BE00D3BCFC /* ImagePainter.swift in Sources */,
				927527822A95C9BE00D3BCFC /* CTRun+Metrics.swift in Sources */,
				9275272D2A95C98D00D3BCFC /* ToolStyleViewModel.swift in Sources */,
				9275278B2A95C9BE00D3BCFC /* DisplayModel.swift in Sources */,
				921B9E7C2A0E67C1009FB45B /* Functions.swift in Sources */,
				927527252A95C98D00D3BCFC /* PartTypesViewModel.swift in Sources */,
				927527392A95C98D00D3BCFC /* MainViewModel.swift in Sources */,
				9268CEAB2A21ED05005484FF /* Delimeter.swift in Sources */,
				927527292A95C98D00D3BCFC /* ToolbarViewModel.swift in Sources */,
				9283E6432A0E44F600EB66EC /* markdown_mathApp.swift in Sources */,
				92ABFEFD2A9719F3007F1689 /* MyScriptDelegate.swift in Sources */,
				927527902A95C9BE00D3BCFC /* EditorViewController.swift in Sources */,
				9275277D2A95C9BE00D3BCFC /* IInkUIRefImplUtils.swift in Sources */,
				9275277C2A95C9BE00D3BCFC /* ImageLoader.swift in Sources */,
				927527312A95C98D00D3BCFC /* MainCoordinator.swift in Sources */,
				92595DD82A2466AC0020A3FE /* InputWebView.swift in Sources */,
				9268CEA62A21D481005484FF /* WebView.swift in Sources */,
				9275273A2A95C98D00D3BCFC /* FilesProvider.swift in Sources */,
				927527372A95C98D00D3BCFC /* ExportViewModel.swift in Sources */,
				927527332A95C98D00D3BCFC /* FilesTableViewController.swift in Sources */,
				927527762A95C9BE00D3BCFC /* OffscreenRenderSurfaces.swift in Sources */,
				927527882A95C9BE00D3BCFC /* SmartGuideViewController.mm in Sources */,
			);
			runOnlyForDeploymentPostprocessing = 0;
		};
		9283E64C2A0E44F700EB66EC /* Sources */ = {
			isa = PBXSourcesBuildPhase;
			buildActionMask = 2147483647;
			files = (
				9283E6552A0E44F800EB66EC /* markdown_mathTests.swift in Sources */,
			);
			runOnlyForDeploymentPostprocessing = 0;
		};
		9283E6562A0E44F800EB66EC /* Sources */ = {
			isa = PBXSourcesBuildPhase;
			buildActionMask = 2147483647;
			files = (
				9283E65F2A0E44F800EB66EC /* markdown_mathUITests.swift in Sources */,
				9283E6612A0E44F800EB66EC /* markdown_mathUITestsLaunchTests.swift in Sources */,
			);
			runOnlyForDeploymentPostprocessing = 0;
		};
/* End PBXSourcesBuildPhase section */

/* Begin PBXTargetDependency section */
		9283E6522A0E44F700EB66EC /* PBXTargetDependency */ = {
			isa = PBXTargetDependency;
			target = 9283E63E2A0E44F500EB66EC /* markdown-math */;
			targetProxy = 9283E6512A0E44F700EB66EC /* PBXContainerItemProxy */;
		};
		9283E65C2A0E44F800EB66EC /* PBXTargetDependency */ = {
			isa = PBXTargetDependency;
			target = 9283E63E2A0E44F500EB66EC /* markdown-math */;
			targetProxy = 9283E65B2A0E44F800EB66EC /* PBXContainerItemProxy */;
		};
/* End PBXTargetDependency section */

/* Begin XCBuildConfiguration section */
		9283E6622A0E44F800EB66EC /* Debug */ = {
			isa = XCBuildConfiguration;
			buildSettings = {
				ALWAYS_SEARCH_USER_PATHS = NO;
				CLANG_ANALYZER_NONNULL = YES;
				CLANG_ANALYZER_NUMBER_OBJECT_CONVERSION = YES_AGGRESSIVE;
				CLANG_CXX_LANGUAGE_STANDARD = "gnu++20";
				CLANG_ENABLE_MODULES = YES;
				CLANG_ENABLE_OBJC_ARC = YES;
				CLANG_ENABLE_OBJC_WEAK = YES;
				CLANG_WARN_BLOCK_CAPTURE_AUTORELEASING = YES;
				CLANG_WARN_BOOL_CONVERSION = YES;
				CLANG_WARN_COMMA = YES;
				CLANG_WARN_CONSTANT_CONVERSION = YES;
				CLANG_WARN_DEPRECATED_OBJC_IMPLEMENTATIONS = YES;
				CLANG_WARN_DIRECT_OBJC_ISA_USAGE = YES_ERROR;
				CLANG_WARN_DOCUMENTATION_COMMENTS = YES;
				CLANG_WARN_EMPTY_BODY = YES;
				CLANG_WARN_ENUM_CONVERSION = YES;
				CLANG_WARN_INFINITE_RECURSION = YES;
				CLANG_WARN_INT_CONVERSION = YES;
				CLANG_WARN_NON_LITERAL_NULL_CONVERSION = YES;
				CLANG_WARN_OBJC_IMPLICIT_RETAIN_SELF = YES;
				CLANG_WARN_OBJC_LITERAL_CONVERSION = YES;
				CLANG_WARN_OBJC_ROOT_CLASS = YES_ERROR;
				CLANG_WARN_QUOTED_INCLUDE_IN_FRAMEWORK_HEADER = YES;
				CLANG_WARN_RANGE_LOOP_ANALYSIS = YES;
				CLANG_WARN_STRICT_PROTOTYPES = YES;
				CLANG_WARN_SUSPICIOUS_MOVE = YES;
				CLANG_WARN_UNGUARDED_AVAILABILITY = YES_AGGRESSIVE;
				CLANG_WARN_UNREACHABLE_CODE = YES;
				CLANG_WARN__DUPLICATE_METHOD_MATCH = YES;
				COPY_PHASE_STRIP = NO;
				DEBUG_INFORMATION_FORMAT = dwarf;
				ENABLE_STRICT_OBJC_MSGSEND = YES;
				ENABLE_TESTABILITY = YES;
				GCC_C_LANGUAGE_STANDARD = gnu11;
				GCC_DYNAMIC_NO_PIC = NO;
				GCC_NO_COMMON_BLOCKS = YES;
				GCC_OPTIMIZATION_LEVEL = 0;
				GCC_PREPROCESSOR_DEFINITIONS = (
					"DEBUG=1",
					"$(inherited)",
				);
				GCC_WARN_64_TO_32_BIT_CONVERSION = YES;
				GCC_WARN_ABOUT_RETURN_TYPE = YES_ERROR;
				GCC_WARN_UNDECLARED_SELECTOR = YES;
				GCC_WARN_UNINITIALIZED_AUTOS = YES_AGGRESSIVE;
				GCC_WARN_UNUSED_FUNCTION = YES;
				GCC_WARN_UNUSED_VARIABLE = YES;
				MTL_ENABLE_DEBUG_INFO = INCLUDE_SOURCE;
				MTL_FAST_MATH = YES;
				ONLY_ACTIVE_ARCH = YES;
				SWIFT_ACTIVE_COMPILATION_CONDITIONS = DEBUG;
				SWIFT_OPTIMIZATION_LEVEL = "-Onone";
			};
			name = Debug;
		};
		9283E6632A0E44F800EB66EC /* Release */ = {
			isa = XCBuildConfiguration;
			buildSettings = {
				ALWAYS_SEARCH_USER_PATHS = NO;
				CLANG_ANALYZER_NONNULL = YES;
				CLANG_ANALYZER_NUMBER_OBJECT_CONVERSION = YES_AGGRESSIVE;
				CLANG_CXX_LANGUAGE_STANDARD = "gnu++20";
				CLANG_ENABLE_MODULES = YES;
				CLANG_ENABLE_OBJC_ARC = YES;
				CLANG_ENABLE_OBJC_WEAK = YES;
				CLANG_WARN_BLOCK_CAPTURE_AUTORELEASING = YES;
				CLANG_WARN_BOOL_CONVERSION = YES;
				CLANG_WARN_COMMA = YES;
				CLANG_WARN_CONSTANT_CONVERSION = YES;
				CLANG_WARN_DEPRECATED_OBJC_IMPLEMENTATIONS = YES;
				CLANG_WARN_DIRECT_OBJC_ISA_USAGE = YES_ERROR;
				CLANG_WARN_DOCUMENTATION_COMMENTS = YES;
				CLANG_WARN_EMPTY_BODY = YES;
				CLANG_WARN_ENUM_CONVERSION = YES;
				CLANG_WARN_INFINITE_RECURSION = YES;
				CLANG_WARN_INT_CONVERSION = YES;
				CLANG_WARN_NON_LITERAL_NULL_CONVERSION = YES;
				CLANG_WARN_OBJC_IMPLICIT_RETAIN_SELF = YES;
				CLANG_WARN_OBJC_LITERAL_CONVERSION = YES;
				CLANG_WARN_OBJC_ROOT_CLASS = YES_ERROR;
				CLANG_WARN_QUOTED_INCLUDE_IN_FRAMEWORK_HEADER = YES;
				CLANG_WARN_RANGE_LOOP_ANALYSIS = YES;
				CLANG_WARN_STRICT_PROTOTYPES = YES;
				CLANG_WARN_SUSPICIOUS_MOVE = YES;
				CLANG_WARN_UNGUARDED_AVAILABILITY = YES_AGGRESSIVE;
				CLANG_WARN_UNREACHABLE_CODE = YES;
				CLANG_WARN__DUPLICATE_METHOD_MATCH = YES;
				COPY_PHASE_STRIP = NO;
				DEBUG_INFORMATION_FORMAT = "dwarf-with-dsym";
				ENABLE_NS_ASSERTIONS = NO;
				ENABLE_STRICT_OBJC_MSGSEND = YES;
				GCC_C_LANGUAGE_STANDARD = gnu11;
				GCC_NO_COMMON_BLOCKS = YES;
				GCC_WARN_64_TO_32_BIT_CONVERSION = YES;
				GCC_WARN_ABOUT_RETURN_TYPE = YES_ERROR;
				GCC_WARN_UNDECLARED_SELECTOR = YES;
				GCC_WARN_UNINITIALIZED_AUTOS = YES_AGGRESSIVE;
				GCC_WARN_UNUSED_FUNCTION = YES;
				GCC_WARN_UNUSED_VARIABLE = YES;
				MTL_ENABLE_DEBUG_INFO = NO;
				MTL_FAST_MATH = YES;
				SWIFT_COMPILATION_MODE = wholemodule;
				SWIFT_OPTIMIZATION_LEVEL = "-O";
			};
			name = Release;
		};
		9283E6652A0E44F800EB66EC /* Debug */ = {
			isa = XCBuildConfiguration;
			buildSettings = {
				ASSETCATALOG_COMPILER_APPICON_NAME = AppIcon;
				ASSETCATALOG_COMPILER_GLOBAL_ACCENT_COLOR_NAME = AccentColor;
				CLANG_CXX_LANGUAGE_STANDARD = "gnu++20";
				CLANG_ENABLE_MODULES = YES;
				CODE_SIGN_ENTITLEMENTS = "markdown-math/markdown_math.entitlements";
				CODE_SIGN_STYLE = Automatic;
				CURRENT_PROJECT_VERSION = 1;
				DEFINES_MODULE = YES;
				DEVELOPMENT_ASSET_PATHS = "\"markdown-math/Preview Content\"";
				DEVELOPMENT_TEAM = 5P825H2NY5;
				ENABLE_PREVIEWS = YES;
				FRAMEWORK_SEARCH_PATHS = "";
				GENERATE_INFOPLIST_FILE = YES;
				HEADER_SEARCH_PATHS = (
					"${SRCROOT}/MyScriptInteractiveInk-Runtime-iOS-2/include/**",
					"${SRCROOT}/Frameworks/**",
					"${SRCROOT}/Frameworks/IInkUIReferenceImplementation/SmartGuide",
				);
				INFOPLIST_KEY_CFBundleDisplayName = "Markdown Math";
				INFOPLIST_KEY_LSApplicationCategoryType = "public.app-category.utilities";
				"INFOPLIST_KEY_UIApplicationSceneManifest_Generation[sdk=iphoneos*]" = YES;
				"INFOPLIST_KEY_UIApplicationSceneManifest_Generation[sdk=iphonesimulator*]" = YES;
				"INFOPLIST_KEY_UIApplicationSupportsIndirectInputEvents[sdk=iphoneos*]" = YES;
				"INFOPLIST_KEY_UIApplicationSupportsIndirectInputEvents[sdk=iphonesimulator*]" = YES;
				"INFOPLIST_KEY_UILaunchScreen_Generation[sdk=iphoneos*]" = YES;
				"INFOPLIST_KEY_UILaunchScreen_Generation[sdk=iphonesimulator*]" = YES;
				"INFOPLIST_KEY_UIStatusBarStyle[sdk=iphoneos*]" = UIStatusBarStyleDefault;
				"INFOPLIST_KEY_UIStatusBarStyle[sdk=iphonesimulator*]" = UIStatusBarStyleDefault;
				INFOPLIST_KEY_UISupportedInterfaceOrientations_iPad = "UIInterfaceOrientationPortrait UIInterfaceOrientationPortraitUpsideDown UIInterfaceOrientationLandscapeLeft UIInterfaceOrientationLandscapeRight";
				INFOPLIST_KEY_UISupportedInterfaceOrientations_iPhone = "UIInterfaceOrientationPortrait UIInterfaceOrientationLandscapeLeft UIInterfaceOrientationLandscapeRight";
				IPHONEOS_DEPLOYMENT_TARGET = 16.4;
				LD_RUNPATH_SEARCH_PATHS = "@executable_path/Frameworks";
				"LD_RUNPATH_SEARCH_PATHS[sdk=macosx*]" = "@executable_path/../Frameworks";
				LIBRARY_SEARCH_PATHS = (
					"$(inherited)",
					"$(PROJECT_DIR)/MyScriptInteractiveInk-Runtime-iOS-1",
				);
				MACOSX_DEPLOYMENT_TARGET = 13.3;
				MARKETING_VERSION = 1.0;
				OTHER_LDFLAGS = (
					"-Wl,-u,_MyScript2D",
					"-Wl,-u,_MyScriptAnalyzer",
					"-Wl,-u,_MyScriptDocument",
					"-Wl,-u,_MyScriptGesture",
					"-Wl,-u,_MyScriptInk",
					"-Wl,-u,_MyScriptMath",
					"-Wl,-u,_MyScriptPrediction",
					"-Wl,-u,_MyScriptShape",
					"-Wl,-u,_MyScriptText",
					"-Wl,-u,_MyScriptEngine",
				);
				PRODUCT_BUNDLE_IDENTIFIER = "ingun.markdown-math";
				PRODUCT_NAME = "$(TARGET_NAME)";
				SDKROOT = auto;
				SUPPORTED_PLATFORMS = "iphoneos iphonesimulator macosx";
				SWIFT_EMIT_LOC_STRINGS = YES;
				SWIFT_OBJC_BRIDGING_HEADER = "markdown-math/markdown-math-Bridging-Header.h";
				SWIFT_OPTIMIZATION_LEVEL = "-Onone";
				SWIFT_VERSION = 5.0;
				TARGETED_DEVICE_FAMILY = "1,2";
				USER_HEADER_SEARCH_PATHS = "${SRCROOT}/MyCertificate";
			};
			name = Debug;
		};
		9283E6662A0E44F800EB66EC /* Release */ = {
			isa = XCBuildConfiguration;
			buildSettings = {
				ASSETCATALOG_COMPILER_APPICON_NAME = AppIcon;
				ASSETCATALOG_COMPILER_GLOBAL_ACCENT_COLOR_NAME = AccentColor;
				CLANG_CXX_LANGUAGE_STANDARD = "gnu++20";
				CLANG_ENABLE_MODULES = YES;
				CODE_SIGN_ENTITLEMENTS = "markdown-math/markdown_math.entitlements";
				CODE_SIGN_STYLE = Automatic;
				CURRENT_PROJECT_VERSION = 1;
				DEFINES_MODULE = YES;
				DEVELOPMENT_ASSET_PATHS = "\"markdown-math/Preview Content\"";
				DEVELOPMENT_TEAM = 5P825H2NY5;
				ENABLE_PREVIEWS = YES;
				FRAMEWORK_SEARCH_PATHS = "";
				GENERATE_INFOPLIST_FILE = YES;
				HEADER_SEARCH_PATHS = (
					"${SRCROOT}/MyScriptInteractiveInk-Runtime-iOS-2/include/**",
					"${SRCROOT}/Frameworks/**",
					"${SRCROOT}/Frameworks/IInkUIReferenceImplementation/SmartGuide",
				);
				INFOPLIST_KEY_CFBundleDisplayName = "Markdown Math";
				INFOPLIST_KEY_LSApplicationCategoryType = "public.app-category.utilities";
				"INFOPLIST_KEY_UIApplicationSceneManifest_Generation[sdk=iphoneos*]" = YES;
				"INFOPLIST_KEY_UIApplicationSceneManifest_Generation[sdk=iphonesimulator*]" = YES;
				"INFOPLIST_KEY_UIApplicationSupportsIndirectInputEvents[sdk=iphoneos*]" = YES;
				"INFOPLIST_KEY_UIApplicationSupportsIndirectInputEvents[sdk=iphonesimulator*]" = YES;
				"INFOPLIST_KEY_UILaunchScreen_Generation[sdk=iphoneos*]" = YES;
				"INFOPLIST_KEY_UILaunchScreen_Generation[sdk=iphonesimulator*]" = YES;
				"INFOPLIST_KEY_UIStatusBarStyle[sdk=iphoneos*]" = UIStatusBarStyleDefault;
				"INFOPLIST_KEY_UIStatusBarStyle[sdk=iphonesimulator*]" = UIStatusBarStyleDefault;
				INFOPLIST_KEY_UISupportedInterfaceOrientations_iPad = "UIInterfaceOrientationPortrait UIInterfaceOrientationPortraitUpsideDown UIInterfaceOrientationLandscapeLeft UIInterfaceOrientationLandscapeRight";
				INFOPLIST_KEY_UISupportedInterfaceOrientations_iPhone = "UIInterfaceOrientationPortrait UIInterfaceOrientationLandscapeLeft UIInterfaceOrientationLandscapeRight";
				IPHONEOS_DEPLOYMENT_TARGET = 16.4;
				LD_RUNPATH_SEARCH_PATHS = "@executable_path/Frameworks";
				"LD_RUNPATH_SEARCH_PATHS[sdk=macosx*]" = "@executable_path/../Frameworks";
				LIBRARY_SEARCH_PATHS = (
					"$(inherited)",
					"$(PROJECT_DIR)/MyScriptInteractiveInk-Runtime-iOS-1",
				);
				MACOSX_DEPLOYMENT_TARGET = 13.3;
				MARKETING_VERSION = 1.0;
				OTHER_LDFLAGS = (
					"-Wl,-u,_MyScript2D",
					"-Wl,-u,_MyScriptAnalyzer",
					"-Wl,-u,_MyScriptDocument",
					"-Wl,-u,_MyScriptGesture",
					"-Wl,-u,_MyScriptInk",
					"-Wl,-u,_MyScriptMath",
					"-Wl,-u,_MyScriptPrediction",
					"-Wl,-u,_MyScriptShape",
					"-Wl,-u,_MyScriptText",
					"-Wl,-u,_MyScriptEngine",
				);
				PRODUCT_BUNDLE_IDENTIFIER = "ingun.markdown-math";
				PRODUCT_NAME = "$(TARGET_NAME)";
				SDKROOT = auto;
				SUPPORTED_PLATFORMS = "iphoneos iphonesimulator macosx";
				SWIFT_EMIT_LOC_STRINGS = YES;
				SWIFT_OBJC_BRIDGING_HEADER = "markdown-math/markdown-math-Bridging-Header.h";
				SWIFT_VERSION = 5.0;
				TARGETED_DEVICE_FAMILY = "1,2";
				USER_HEADER_SEARCH_PATHS = "${SRCROOT}/MyCertificate";
			};
			name = Release;
		};
		9283E6682A0E44F800EB66EC /* Debug */ = {
			isa = XCBuildConfiguration;
			buildSettings = {
				ALWAYS_EMBED_SWIFT_STANDARD_LIBRARIES = YES;
				BUNDLE_LOADER = "$(TEST_HOST)";
				CODE_SIGN_STYLE = Automatic;
				CURRENT_PROJECT_VERSION = 1;
				DEVELOPMENT_TEAM = 5P825H2NY5;
				GENERATE_INFOPLIST_FILE = YES;
				IPHONEOS_DEPLOYMENT_TARGET = 16.4;
				MACOSX_DEPLOYMENT_TARGET = 13.3;
				MARKETING_VERSION = 1.0;
				PRODUCT_BUNDLE_IDENTIFIER = "ingun.markdown-mathTests";
				PRODUCT_NAME = "$(TARGET_NAME)";
				SDKROOT = auto;
				SUPPORTED_PLATFORMS = "iphoneos iphonesimulator macosx";
				SWIFT_EMIT_LOC_STRINGS = NO;
				SWIFT_VERSION = 5.0;
				TARGETED_DEVICE_FAMILY = "1,2";
				TEST_HOST = "$(BUILT_PRODUCTS_DIR)/markdown-math.app/$(BUNDLE_EXECUTABLE_FOLDER_PATH)/markdown-math";
			};
			name = Debug;
		};
		9283E6692A0E44F800EB66EC /* Release */ = {
			isa = XCBuildConfiguration;
			buildSettings = {
				ALWAYS_EMBED_SWIFT_STANDARD_LIBRARIES = YES;
				BUNDLE_LOADER = "$(TEST_HOST)";
				CODE_SIGN_STYLE = Automatic;
				CURRENT_PROJECT_VERSION = 1;
				DEVELOPMENT_TEAM = 5P825H2NY5;
				GENERATE_INFOPLIST_FILE = YES;
				IPHONEOS_DEPLOYMENT_TARGET = 16.4;
				MACOSX_DEPLOYMENT_TARGET = 13.3;
				MARKETING_VERSION = 1.0;
				PRODUCT_BUNDLE_IDENTIFIER = "ingun.markdown-mathTests";
				PRODUCT_NAME = "$(TARGET_NAME)";
				SDKROOT = auto;
				SUPPORTED_PLATFORMS = "iphoneos iphonesimulator macosx";
				SWIFT_EMIT_LOC_STRINGS = NO;
				SWIFT_VERSION = 5.0;
				TARGETED_DEVICE_FAMILY = "1,2";
				TEST_HOST = "$(BUILT_PRODUCTS_DIR)/markdown-math.app/$(BUNDLE_EXECUTABLE_FOLDER_PATH)/markdown-math";
			};
			name = Release;
		};
		9283E66B2A0E44F800EB66EC /* Debug */ = {
			isa = XCBuildConfiguration;
			buildSettings = {
				ALWAYS_EMBED_SWIFT_STANDARD_LIBRARIES = YES;
				CODE_SIGN_STYLE = Automatic;
				CURRENT_PROJECT_VERSION = 1;
				DEVELOPMENT_TEAM = 5P825H2NY5;
				GENERATE_INFOPLIST_FILE = YES;
				IPHONEOS_DEPLOYMENT_TARGET = 16.4;
				MACOSX_DEPLOYMENT_TARGET = 13.3;
				MARKETING_VERSION = 1.0;
				PRODUCT_BUNDLE_IDENTIFIER = "ingun.markdown-mathUITests";
				PRODUCT_NAME = "$(TARGET_NAME)";
				SDKROOT = auto;
				SUPPORTED_PLATFORMS = "iphoneos iphonesimulator macosx";
				SWIFT_EMIT_LOC_STRINGS = NO;
				SWIFT_VERSION = 5.0;
				TARGETED_DEVICE_FAMILY = "1,2";
				TEST_TARGET_NAME = "markdown-math";
			};
			name = Debug;
		};
		9283E66C2A0E44F800EB66EC /* Release */ = {
			isa = XCBuildConfiguration;
			buildSettings = {
				ALWAYS_EMBED_SWIFT_STANDARD_LIBRARIES = YES;
				CODE_SIGN_STYLE = Automatic;
				CURRENT_PROJECT_VERSION = 1;
				DEVELOPMENT_TEAM = 5P825H2NY5;
				GENERATE_INFOPLIST_FILE = YES;
				IPHONEOS_DEPLOYMENT_TARGET = 16.4;
				MACOSX_DEPLOYMENT_TARGET = 13.3;
				MARKETING_VERSION = 1.0;
				PRODUCT_BUNDLE_IDENTIFIER = "ingun.markdown-mathUITests";
				PRODUCT_NAME = "$(TARGET_NAME)";
				SDKROOT = auto;
				SUPPORTED_PLATFORMS = "iphoneos iphonesimulator macosx";
				SWIFT_EMIT_LOC_STRINGS = NO;
				SWIFT_VERSION = 5.0;
				TARGETED_DEVICE_FAMILY = "1,2";
				TEST_TARGET_NAME = "markdown-math";
			};
			name = Release;
		};
/* End XCBuildConfiguration section */

/* Begin XCConfigurationList section */
		9283E63A2A0E44F500EB66EC /* Build configuration list for PBXProject "markdown-math" */ = {
			isa = XCConfigurationList;
			buildConfigurations = (
				9283E6622A0E44F800EB66EC /* Debug */,
				9283E6632A0E44F800EB66EC /* Release */,
			);
			defaultConfigurationIsVisible = 0;
			defaultConfigurationName = Release;
		};
		9283E6642A0E44F800EB66EC /* Build configuration list for PBXNativeTarget "markdown-math" */ = {
			isa = XCConfigurationList;
			buildConfigurations = (
				9283E6652A0E44F800EB66EC /* Debug */,
				9283E6662A0E44F800EB66EC /* Release */,
			);
			defaultConfigurationIsVisible = 0;
			defaultConfigurationName = Release;
		};
		9283E6672A0E44F800EB66EC /* Build configuration list for PBXNativeTarget "markdown-mathTests" */ = {
			isa = XCConfigurationList;
			buildConfigurations = (
				9283E6682A0E44F800EB66EC /* Debug */,
				9283E6692A0E44F800EB66EC /* Release */,
			);
			defaultConfigurationIsVisible = 0;
			defaultConfigurationName = Release;
		};
		9283E66A2A0E44F800EB66EC /* Build configuration list for PBXNativeTarget "markdown-mathUITests" */ = {
			isa = XCConfigurationList;
			buildConfigurations = (
				9283E66B2A0E44F800EB66EC /* Debug */,
				9283E66C2A0E44F800EB66EC /* Release */,
			);
			defaultConfigurationIsVisible = 0;
			defaultConfigurationName = Release;
		};
/* End XCConfigurationList section */

/* Begin XCRemoteSwiftPackageReference section */
		920EE10D2A248F35003EDB4F /* XCRemoteSwiftPackageReference "SwiftDown" */ = {
			isa = XCRemoteSwiftPackageReference;
			repositoryURL = "https://github.com/ingun37/SwiftDown.git";
			requirement = {
				kind = revision;
				revision = 745000898c0c86ef5818582d5e4bff7ab65a0cc3;
			};
		};
		9268CEA72A21D89F005484FF /* XCRemoteSwiftPackageReference "ink" */ = {
			isa = XCRemoteSwiftPackageReference;
			repositoryURL = "https://github.com/johnsundell/ink.git";
			requirement = {
				kind = upToNextMajorVersion;
				minimumVersion = 0.6.0;
			};
		};
/* End XCRemoteSwiftPackageReference section */

/* Begin XCSwiftPackageProductDependency section */
		920EE10E2A248F35003EDB4F /* SwiftDown */ = {
			isa = XCSwiftPackageProductDependency;
			package = 920EE10D2A248F35003EDB4F /* XCRemoteSwiftPackageReference "SwiftDown" */;
			productName = SwiftDown;
		};
		9268CEA82A21D89F005484FF /* Ink */ = {
			isa = XCSwiftPackageProductDependency;
			package = 9268CEA72A21D89F005484FF /* XCRemoteSwiftPackageReference "ink" */;
			productName = Ink;
		};
/* End XCSwiftPackageProductDependency section */
	};
	rootObject = 9283E6372A0E44F500EB66EC /* Project object */;
}
