{
  "pins" : [
    {
      "identity" : "down",
      "kind" : "remoteSourceControl",
      "location" : "https://github.com/johnxnguyen/Down.git",
      "state" : {
        "revision" : "f34b166be1f1db4aa8f573067e901d72f2a6be57",
        "version" : "0.11.0"
      }
    },
    {
      "identity" : "ink",
      "kind" : "remoteSourceControl",
      "location" : "https://github.com/johnsundell/ink.git",
      "state" : {
        "revision" : "bcc9f219900a62c4210e6db726035d7f03ae757b",
        "version" : "0.6.0"
      }
    },
    {
      "identity" : "swiftdown",
      "kind" : "remoteSourceControl",
      "location" : "https://github.com/ingun37/SwiftDown.git",
      "state" : {
        "revision" : "89b56247586c406304175d8d79723122575ce275"
      }
    }
  ],
  "version" : 2
}
